// !$*UTF8*$!
{
	archiveVersion = 1;
	classes = {
	};
	objectVersion = 56;
	objects = {

/* Begin PBXBuildFile section */
		6B09E72529F6ECE500EFECAB /* MyPageView.swift in Sources */ = {isa = PBXBuildFile; fileRef = 6B09E72429F6ECE500EFECAB /* MyPageView.swift */; };
		6B09E72729F6ECFB00EFECAB /* MyPageViewController.swift in Sources */ = {isa = PBXBuildFile; fileRef = 6B09E72629F6ECFB00EFECAB /* MyPageViewController.swift */; };
		6B09E72929F6ED7900EFECAB /* UIImage+.swift in Sources */ = {isa = PBXBuildFile; fileRef = 6B09E72829F6ED7900EFECAB /* UIImage+.swift */; };
		6B09E72F29F6F33200EFECAB /* MainView.swift in Sources */ = {isa = PBXBuildFile; fileRef = 6B09E72E29F6F33200EFECAB /* MainView.swift */; };
		6B09E73129F6F34200EFECAB /* MainViewController.swift in Sources */ = {isa = PBXBuildFile; fileRef = 6B09E73029F6F34200EFECAB /* MainViewController.swift */; };
		6B09E73329F6FB4E00EFECAB /* doosan.png in Resources */ = {isa = PBXBuildFile; fileRef = 6B09E73229F6FB4E00EFECAB /* doosan.png */; };
		6B5944FD29F5BE000087A4C3 /* AppDelegate.swift in Sources */ = {isa = PBXBuildFile; fileRef = 6B5944FC29F5BE000087A4C3 /* AppDelegate.swift */; };
		6B5944FF29F5BE000087A4C3 /* SceneDelegate.swift in Sources */ = {isa = PBXBuildFile; fileRef = 6B5944FE29F5BE000087A4C3 /* SceneDelegate.swift */; };
		6B59450629F5BE010087A4C3 /* Assets.xcassets in Resources */ = {isa = PBXBuildFile; fileRef = 6B59450529F5BE010087A4C3 /* Assets.xcassets */; };
		6B59450929F5BE010087A4C3 /* LaunchScreen.storyboard in Resources */ = {isa = PBXBuildFile; fileRef = 6B59450729F5BE010087A4C3 /* LaunchScreen.storyboard */; };
		6B59451829F5C00B0087A4C3 /* LoginViewController.swift in Sources */ = {isa = PBXBuildFile; fileRef = 6B59451729F5C00B0087A4C3 /* LoginViewController.swift */; };
		6B59451C29F5C1370087A4C3 /* Pretendard-SemiBold.ttf in Resources */ = {isa = PBXBuildFile; fileRef = 6B59451929F5C1370087A4C3 /* Pretendard-SemiBold.ttf */; };
		6B59451D29F5C1370087A4C3 /* Pretendard-Medium.ttf in Resources */ = {isa = PBXBuildFile; fileRef = 6B59451A29F5C1370087A4C3 /* Pretendard-Medium.ttf */; };
		6B59451E29F5C1370087A4C3 /* Pretendard-Regular.ttf in Resources */ = {isa = PBXBuildFile; fileRef = 6B59451B29F5C1370087A4C3 /* Pretendard-Regular.ttf */; };
		6B59452229F5C2380087A4C3 /* eye-non-slash.png in Resources */ = {isa = PBXBuildFile; fileRef = 6B59452129F5C2380087A4C3 /* eye-non-slash.png */; };
		6B59452429F5C2440087A4C3 /* eye-slash.png in Resources */ = {isa = PBXBuildFile; fileRef = 6B59452329F5C2440087A4C3 /* eye-slash.png */; };
		6B59452629F5C2500087A4C3 /* x-circle.png in Resources */ = {isa = PBXBuildFile; fileRef = 6B59452529F5C2500087A4C3 /* x-circle.png */; };
		6B59452829F5C28E0087A4C3 /* tiving_logo.png in Resources */ = {isa = PBXBuildFile; fileRef = 6B59452729F5C28E0087A4C3 /* tiving_logo.png */; };
		6B59452A29F5C2E60087A4C3 /* btn_before.png in Resources */ = {isa = PBXBuildFile; fileRef = 6B59452929F5C2E60087A4C3 /* btn_before.png */; };
		6B59452C29F5C3AE0087A4C3 /* BaseViewController.swift in Sources */ = {isa = PBXBuildFile; fileRef = 6B59452B29F5C3AE0087A4C3 /* BaseViewController.swift */; };
		6B59452E29F5C3D20087A4C3 /* BaseView.swift in Sources */ = {isa = PBXBuildFile; fileRef = 6B59452D29F5C3D20087A4C3 /* BaseView.swift */; };
		6B59453029F5C3F80087A4C3 /* CustomPasswordTextField.swift in Sources */ = {isa = PBXBuildFile; fileRef = 6B59452F29F5C3F80087A4C3 /* CustomPasswordTextField.swift */; };
		6B59453229F5C4090087A4C3 /* CustomTextField.swift in Sources */ = {isa = PBXBuildFile; fileRef = 6B59453129F5C4090087A4C3 /* CustomTextField.swift */; };
		6B59453529F5C48E0087A4C3 /* SnapKit in Frameworks */ = {isa = PBXBuildFile; productRef = 6B59453429F5C48E0087A4C3 /* SnapKit */; };
		6B59453829F5C4AA0087A4C3 /* Then in Frameworks */ = {isa = PBXBuildFile; productRef = 6B59453729F5C4AA0087A4C3 /* Then */; };
		6B59453A29F5C4BD0087A4C3 /* String+.swift in Sources */ = {isa = PBXBuildFile; fileRef = 6B59453929F5C4BD0087A4C3 /* String+.swift */; };
		6B59453C29F5C4D20087A4C3 /* UIButton+.swift in Sources */ = {isa = PBXBuildFile; fileRef = 6B59453B29F5C4D20087A4C3 /* UIButton+.swift */; };
		6B59453E29F5C4E90087A4C3 /* UIColor+.swift in Sources */ = {isa = PBXBuildFile; fileRef = 6B59453D29F5C4E90087A4C3 /* UIColor+.swift */; };
		6B59454029F5C5090087A4C3 /* UIFont+.swift in Sources */ = {isa = PBXBuildFile; fileRef = 6B59453F29F5C5090087A4C3 /* UIFont+.swift */; };
		6B59454229F5C51D0087A4C3 /* UILabel+.swift in Sources */ = {isa = PBXBuildFile; fileRef = 6B59454129F5C51D0087A4C3 /* UILabel+.swift */; };
		6B59454429F5C5380087A4C3 /* UIStackView+.swift in Sources */ = {isa = PBXBuildFile; fileRef = 6B59454329F5C5380087A4C3 /* UIStackView+.swift */; };
		6B59454629F5C5490087A4C3 /* UITextField+.swift in Sources */ = {isa = PBXBuildFile; fileRef = 6B59454529F5C5490087A4C3 /* UITextField+.swift */; };
		6B59454829F5C5590087A4C3 /* UIView+.swift in Sources */ = {isa = PBXBuildFile; fileRef = 6B59454729F5C5590087A4C3 /* UIView+.swift */; };
		6B59454D29F5C6300087A4C3 /* NickNameBottomSheetView.swift in Sources */ = {isa = PBXBuildFile; fileRef = 6B59454C29F5C6300087A4C3 /* NickNameBottomSheetView.swift */; };
		6B59454F29F5C6560087A4C3 /* LoginView.swift in Sources */ = {isa = PBXBuildFile; fileRef = 6B59454E29F5C6560087A4C3 /* LoginView.swift */; };
		6B6C2F5929FECF2000F76247 /* MainViewSectionHeader.swift in Sources */ = {isa = PBXBuildFile; fileRef = 6B6C2F5829FECF2000F76247 /* MainViewSectionHeader.swift */; };
		6B6C2F5F29FF9BC100F76247 /* ContentsSectionLayout.swift in Sources */ = {isa = PBXBuildFile; fileRef = 6B6C2F5E29FF9BC100F76247 /* ContentsSectionLayout.swift */; };
		6B6C2F632A00180300F76247 /* MainViewTopMenu.swift in Sources */ = {isa = PBXBuildFile; fileRef = 6B6C2F622A00180300F76247 /* MainViewTopMenu.swift */; };
		6B6C2F652A0019CE00F76247 /* pairing.png in Resources */ = {isa = PBXBuildFile; fileRef = 6B6C2F642A0019CE00F76247 /* pairing.png */; };
		6B6C2F682A0120E300F76247 /* MainViewPagingIndicator.swift in Sources */ = {isa = PBXBuildFile; fileRef = 6B6C2F672A0120E300F76247 /* MainViewPagingIndicator.swift */; };
		6B6C2F6A2A024E3400F76247 /* MainHomeViewController.swift in Sources */ = {isa = PBXBuildFile; fileRef = 6B6C2F692A024E3400F76247 /* MainHomeViewController.swift */; };
		6B6C2F722A026C2C00F76247 /* MainLiveViewController.swift in Sources */ = {isa = PBXBuildFile; fileRef = 6B6C2F712A026C2C00F76247 /* MainLiveViewController.swift */; };
		6B6C2F742A026C3E00F76247 /* MainTVViewController.swift in Sources */ = {isa = PBXBuildFile; fileRef = 6B6C2F732A026C3E00F76247 /* MainTVViewController.swift */; };
		6B6C2F762A026C4F00F76247 /* MainMovieViewController.swift in Sources */ = {isa = PBXBuildFile; fileRef = 6B6C2F752A026C4F00F76247 /* MainMovieViewController.swift */; };
		6B6C2F782A026C6300F76247 /* MainParamountViewController.swift in Sources */ = {isa = PBXBuildFile; fileRef = 6B6C2F772A026C6300F76247 /* MainParamountViewController.swift */; };
		6B6C2F7A2A026C7200F76247 /* MainKidsViewController.swift in Sources */ = {isa = PBXBuildFile; fileRef = 6B6C2F792A026C7200F76247 /* MainKidsViewController.swift */; };
		6B6C2F842A02946000F76247 /* BottomMenu.swift in Sources */ = {isa = PBXBuildFile; fileRef = 6B6C2F832A02946000F76247 /* BottomMenu.swift */; };
		6B6C2F862A029CA700F76247 /* MainViewSegmentIndicator.swift in Sources */ = {isa = PBXBuildFile; fileRef = 6B6C2F852A029CA700F76247 /* MainViewSegmentIndicator.swift */; };
		6B6C2F8C2A02D92200F76247 /* MainBaseViewController.swift in Sources */ = {isa = PBXBuildFile; fileRef = 6B6C2F8B2A02D92200F76247 /* MainBaseViewController.swift */; };
		6B6C2F8F2A06227400F76247 /* Alamofire in Frameworks */ = {isa = PBXBuildFile; productRef = 6B6C2F8E2A06227400F76247 /* Alamofire */; };
		6BF94AFD29F8450F0024C256 /* recordWhite.jpg in Resources */ = {isa = PBXBuildFile; fileRef = 6BF94AF529F8450E0024C256 /* recordWhite.jpg */; };
		6BF94AFE29F8450F0024C256 /* recordGray.jpg in Resources */ = {isa = PBXBuildFile; fileRef = 6BF94AF629F8450E0024C256 /* recordGray.jpg */; };
		6BF94AFF29F8450F0024C256 /* homeWhite.jpg in Resources */ = {isa = PBXBuildFile; fileRef = 6BF94AF729F8450E0024C256 /* homeWhite.jpg */; };
		6BF94B0029F8450F0024C256 /* searchWhite.jpg in Resources */ = {isa = PBXBuildFile; fileRef = 6BF94AF829F8450E0024C256 /* searchWhite.jpg */; };
		6BF94B0129F8450F0024C256 /* preGray.jpg in Resources */ = {isa = PBXBuildFile; fileRef = 6BF94AF929F8450E0024C256 /* preGray.jpg */; };
		6BF94B0229F8450F0024C256 /* homeGray.jpg in Resources */ = {isa = PBXBuildFile; fileRef = 6BF94AFA29F8450F0024C256 /* homeGray.jpg */; };
		6BF94B0329F8450F0024C256 /* searchGray.jpg in Resources */ = {isa = PBXBuildFile; fileRef = 6BF94AFB29F8450F0024C256 /* searchGray.jpg */; };
		6BF94B0429F8450F0024C256 /* preWhite.jpg in Resources */ = {isa = PBXBuildFile; fileRef = 6BF94AFC29F8450F0024C256 /* preWhite.jpg */; };
		6BF94B0829F84C350024C256 /* LabelNextBtnTableViewCell.swift in Sources */ = {isa = PBXBuildFile; fileRef = 6BF94B0729F84C350024C256 /* LabelNextBtnTableViewCell.swift */; };
		6BF94B0C29F85D770024C256 /* nextBtn.png in Resources */ = {isa = PBXBuildFile; fileRef = 6BF94B0B29F85D770024C256 /* nextBtn.png */; };
		6BF94B1029F91C0B0024C256 /* tvingImg.jpg in Resources */ = {isa = PBXBuildFile; fileRef = 6BF94B0F29F91C0A0024C256 /* tvingImg.jpg */; };
		6BF94B1229F91CD90024C256 /* CustomTvingButton.swift in Sources */ = {isa = PBXBuildFile; fileRef = 6BF94B1129F91CD90024C256 /* CustomTvingButton.swift */; };
		6BF94B1429F92B3B0024C256 /* MyPageMenu.swift in Sources */ = {isa = PBXBuildFile; fileRef = 6BF94B1329F92B3B0024C256 /* MyPageMenu.swift */; };
		6BF94B1629F986170024C256 /* MyPageViewHeader.swift in Sources */ = {isa = PBXBuildFile; fileRef = 6BF94B1529F986170024C256 /* MyPageViewHeader.swift */; };
		6BF94B1829F995B70024C256 /* CALayer+.swift in Sources */ = {isa = PBXBuildFile; fileRef = 6BF94B1729F995B70024C256 /* CALayer+.swift */; };
		6BF94B1B29F9AA6E0024C256 /* tvingSubscribe.png in Resources */ = {isa = PBXBuildFile; fileRef = 6BF94B1929F9AA6E0024C256 /* tvingSubscribe.png */; };
		6BF94B1C29F9AA6E0024C256 /* tvingCash.png in Resources */ = {isa = PBXBuildFile; fileRef = 6BF94B1A29F9AA6E0024C256 /* tvingCash.png */; };
		6BF94B1E29FA5A120024C256 /* tvnJtbc.png in Resources */ = {isa = PBXBuildFile; fileRef = 6BF94B1D29FA5A120024C256 /* tvnJtbc.png */; };
		6BF94B3F29FA8D950024C256 /* settings.png in Resources */ = {isa = PBXBuildFile; fileRef = 6BF94B3D29FA8D950024C256 /* settings.png */; };
		6BF94B4029FA8D950024C256 /* notification.png in Resources */ = {isa = PBXBuildFile; fileRef = 6BF94B3E29FA8D950024C256 /* notification.png */; };
		6BF94B4329FAE94F0024C256 /* TvingUser.swift in Sources */ = {isa = PBXBuildFile; fileRef = 6BF94B4229FAE94F0024C256 /* TvingUser.swift */; };
		6BF94B4C29FD42CD0024C256 /* Contents.swift in Sources */ = {isa = PBXBuildFile; fileRef = 6BF94B4B29FD42CD0024C256 /* Contents.swift */; };
		6BF94B4E29FD461C0024C256 /* MainViewContentsCell.swift in Sources */ = {isa = PBXBuildFile; fileRef = 6BF94B4D29FD461C0024C256 /* MainViewContentsCell.swift */; };
/* End PBXBuildFile section */

/* Begin PBXFileReference section */
		6B09E72429F6ECE500EFECAB /* MyPageView.swift */ = {isa = PBXFileReference; lastKnownFileType = sourcecode.swift; path = MyPageView.swift; sourceTree = "<group>"; };
		6B09E72629F6ECFB00EFECAB /* MyPageViewController.swift */ = {isa = PBXFileReference; lastKnownFileType = sourcecode.swift; path = MyPageViewController.swift; sourceTree = "<group>"; };
		6B09E72829F6ED7900EFECAB /* UIImage+.swift */ = {isa = PBXFileReference; lastKnownFileType = sourcecode.swift; path = "UIImage+.swift"; sourceTree = "<group>"; };
		6B09E72E29F6F33200EFECAB /* MainView.swift */ = {isa = PBXFileReference; lastKnownFileType = sourcecode.swift; path = MainView.swift; sourceTree = "<group>"; };
		6B09E73029F6F34200EFECAB /* MainViewController.swift */ = {isa = PBXFileReference; lastKnownFileType = sourcecode.swift; path = MainViewController.swift; sourceTree = "<group>"; };
		6B09E73229F6FB4E00EFECAB /* doosan.png */ = {isa = PBXFileReference; lastKnownFileType = image.png; path = doosan.png; sourceTree = "<group>"; };
		6B5944F929F5BE000087A4C3 /* GO_SOPT_Seminar_Assignment.app */ = {isa = PBXFileReference; explicitFileType = wrapper.application; includeInIndex = 0; path = GO_SOPT_Seminar_Assignment.app; sourceTree = BUILT_PRODUCTS_DIR; };
		6B5944FC29F5BE000087A4C3 /* AppDelegate.swift */ = {isa = PBXFileReference; lastKnownFileType = sourcecode.swift; path = AppDelegate.swift; sourceTree = "<group>"; };
		6B5944FE29F5BE000087A4C3 /* SceneDelegate.swift */ = {isa = PBXFileReference; lastKnownFileType = sourcecode.swift; path = SceneDelegate.swift; sourceTree = "<group>"; };
		6B59450529F5BE010087A4C3 /* Assets.xcassets */ = {isa = PBXFileReference; lastKnownFileType = folder.assetcatalog; path = Assets.xcassets; sourceTree = "<group>"; };
		6B59450829F5BE010087A4C3 /* Base */ = {isa = PBXFileReference; lastKnownFileType = file.storyboard; name = Base; path = Base.lproj/LaunchScreen.storyboard; sourceTree = "<group>"; };
		6B59450A29F5BE010087A4C3 /* Info.plist */ = {isa = PBXFileReference; lastKnownFileType = text.plist.xml; path = Info.plist; sourceTree = "<group>"; };
		6B59451729F5C00B0087A4C3 /* LoginViewController.swift */ = {isa = PBXFileReference; lastKnownFileType = sourcecode.swift; path = LoginViewController.swift; sourceTree = "<group>"; };
		6B59451929F5C1370087A4C3 /* Pretendard-SemiBold.ttf */ = {isa = PBXFileReference; lastKnownFileType = file; path = "Pretendard-SemiBold.ttf"; sourceTree = "<group>"; };
		6B59451A29F5C1370087A4C3 /* Pretendard-Medium.ttf */ = {isa = PBXFileReference; lastKnownFileType = file; path = "Pretendard-Medium.ttf"; sourceTree = "<group>"; };
		6B59451B29F5C1370087A4C3 /* Pretendard-Regular.ttf */ = {isa = PBXFileReference; lastKnownFileType = file; path = "Pretendard-Regular.ttf"; sourceTree = "<group>"; };
		6B59452129F5C2380087A4C3 /* eye-non-slash.png */ = {isa = PBXFileReference; lastKnownFileType = image.png; path = "eye-non-slash.png"; sourceTree = "<group>"; };
		6B59452329F5C2440087A4C3 /* eye-slash.png */ = {isa = PBXFileReference; lastKnownFileType = image.png; path = "eye-slash.png"; sourceTree = "<group>"; };
		6B59452529F5C2500087A4C3 /* x-circle.png */ = {isa = PBXFileReference; lastKnownFileType = image.png; path = "x-circle.png"; sourceTree = "<group>"; };
		6B59452729F5C28E0087A4C3 /* tiving_logo.png */ = {isa = PBXFileReference; lastKnownFileType = image.png; path = tiving_logo.png; sourceTree = "<group>"; };
		6B59452929F5C2E60087A4C3 /* btn_before.png */ = {isa = PBXFileReference; lastKnownFileType = image.png; path = btn_before.png; sourceTree = "<group>"; };
		6B59452B29F5C3AE0087A4C3 /* BaseViewController.swift */ = {isa = PBXFileReference; lastKnownFileType = sourcecode.swift; path = BaseViewController.swift; sourceTree = "<group>"; };
		6B59452D29F5C3D20087A4C3 /* BaseView.swift */ = {isa = PBXFileReference; lastKnownFileType = sourcecode.swift; path = BaseView.swift; sourceTree = "<group>"; };
		6B59452F29F5C3F80087A4C3 /* CustomPasswordTextField.swift */ = {isa = PBXFileReference; lastKnownFileType = sourcecode.swift; path = CustomPasswordTextField.swift; sourceTree = "<group>"; };
		6B59453129F5C4090087A4C3 /* CustomTextField.swift */ = {isa = PBXFileReference; lastKnownFileType = sourcecode.swift; path = CustomTextField.swift; sourceTree = "<group>"; };
		6B59453929F5C4BD0087A4C3 /* String+.swift */ = {isa = PBXFileReference; lastKnownFileType = sourcecode.swift; path = "String+.swift"; sourceTree = "<group>"; };
		6B59453B29F5C4D20087A4C3 /* UIButton+.swift */ = {isa = PBXFileReference; lastKnownFileType = sourcecode.swift; path = "UIButton+.swift"; sourceTree = "<group>"; };
		6B59453D29F5C4E90087A4C3 /* UIColor+.swift */ = {isa = PBXFileReference; lastKnownFileType = sourcecode.swift; path = "UIColor+.swift"; sourceTree = "<group>"; };
		6B59453F29F5C5090087A4C3 /* UIFont+.swift */ = {isa = PBXFileReference; lastKnownFileType = sourcecode.swift; path = "UIFont+.swift"; sourceTree = "<group>"; };
		6B59454129F5C51D0087A4C3 /* UILabel+.swift */ = {isa = PBXFileReference; lastKnownFileType = sourcecode.swift; path = "UILabel+.swift"; sourceTree = "<group>"; };
		6B59454329F5C5380087A4C3 /* UIStackView+.swift */ = {isa = PBXFileReference; lastKnownFileType = sourcecode.swift; path = "UIStackView+.swift"; sourceTree = "<group>"; };
		6B59454529F5C5490087A4C3 /* UITextField+.swift */ = {isa = PBXFileReference; lastKnownFileType = sourcecode.swift; path = "UITextField+.swift"; sourceTree = "<group>"; };
		6B59454729F5C5590087A4C3 /* UIView+.swift */ = {isa = PBXFileReference; lastKnownFileType = sourcecode.swift; path = "UIView+.swift"; sourceTree = "<group>"; };
		6B59454C29F5C6300087A4C3 /* NickNameBottomSheetView.swift */ = {isa = PBXFileReference; lastKnownFileType = sourcecode.swift; path = NickNameBottomSheetView.swift; sourceTree = "<group>"; };
		6B59454E29F5C6560087A4C3 /* LoginView.swift */ = {isa = PBXFileReference; lastKnownFileType = sourcecode.swift; path = LoginView.swift; sourceTree = "<group>"; };
		6B6C2F5829FECF2000F76247 /* MainViewSectionHeader.swift */ = {isa = PBXFileReference; lastKnownFileType = sourcecode.swift; path = MainViewSectionHeader.swift; sourceTree = "<group>"; };
		6B6C2F5E29FF9BC100F76247 /* ContentsSectionLayout.swift */ = {isa = PBXFileReference; lastKnownFileType = sourcecode.swift; path = ContentsSectionLayout.swift; sourceTree = "<group>"; };
		6B6C2F622A00180300F76247 /* MainViewTopMenu.swift */ = {isa = PBXFileReference; lastKnownFileType = sourcecode.swift; path = MainViewTopMenu.swift; sourceTree = "<group>"; };
		6B6C2F642A0019CE00F76247 /* pairing.png */ = {isa = PBXFileReference; lastKnownFileType = image.png; path = pairing.png; sourceTree = "<group>"; };
		6B6C2F672A0120E300F76247 /* MainViewPagingIndicator.swift */ = {isa = PBXFileReference; lastKnownFileType = sourcecode.swift; path = MainViewPagingIndicator.swift; sourceTree = "<group>"; };
		6B6C2F692A024E3400F76247 /* MainHomeViewController.swift */ = {isa = PBXFileReference; lastKnownFileType = sourcecode.swift; path = MainHomeViewController.swift; sourceTree = "<group>"; };
		6B6C2F712A026C2C00F76247 /* MainLiveViewController.swift */ = {isa = PBXFileReference; lastKnownFileType = sourcecode.swift; path = MainLiveViewController.swift; sourceTree = "<group>"; };
		6B6C2F732A026C3E00F76247 /* MainTVViewController.swift */ = {isa = PBXFileReference; lastKnownFileType = sourcecode.swift; path = MainTVViewController.swift; sourceTree = "<group>"; };
		6B6C2F752A026C4F00F76247 /* MainMovieViewController.swift */ = {isa = PBXFileReference; lastKnownFileType = sourcecode.swift; path = MainMovieViewController.swift; sourceTree = "<group>"; };
		6B6C2F772A026C6300F76247 /* MainParamountViewController.swift */ = {isa = PBXFileReference; lastKnownFileType = sourcecode.swift; path = MainParamountViewController.swift; sourceTree = "<group>"; };
		6B6C2F792A026C7200F76247 /* MainKidsViewController.swift */ = {isa = PBXFileReference; lastKnownFileType = sourcecode.swift; path = MainKidsViewController.swift; sourceTree = "<group>"; };
		6B6C2F832A02946000F76247 /* BottomMenu.swift */ = {isa = PBXFileReference; lastKnownFileType = sourcecode.swift; path = BottomMenu.swift; sourceTree = "<group>"; };
		6B6C2F852A029CA700F76247 /* MainViewSegmentIndicator.swift */ = {isa = PBXFileReference; lastKnownFileType = sourcecode.swift; path = MainViewSegmentIndicator.swift; sourceTree = "<group>"; };
		6B6C2F8B2A02D92200F76247 /* MainBaseViewController.swift */ = {isa = PBXFileReference; lastKnownFileType = sourcecode.swift; path = MainBaseViewController.swift; sourceTree = "<group>"; };
		6BF94AF529F8450E0024C256 /* recordWhite.jpg */ = {isa = PBXFileReference; lastKnownFileType = image.jpeg; path = recordWhite.jpg; sourceTree = "<group>"; };
		6BF94AF629F8450E0024C256 /* recordGray.jpg */ = {isa = PBXFileReference; lastKnownFileType = image.jpeg; path = recordGray.jpg; sourceTree = "<group>"; };
		6BF94AF729F8450E0024C256 /* homeWhite.jpg */ = {isa = PBXFileReference; lastKnownFileType = image.jpeg; path = homeWhite.jpg; sourceTree = "<group>"; };
		6BF94AF829F8450E0024C256 /* searchWhite.jpg */ = {isa = PBXFileReference; lastKnownFileType = image.jpeg; path = searchWhite.jpg; sourceTree = "<group>"; };
		6BF94AF929F8450E0024C256 /* preGray.jpg */ = {isa = PBXFileReference; lastKnownFileType = image.jpeg; path = preGray.jpg; sourceTree = "<group>"; };
		6BF94AFA29F8450F0024C256 /* homeGray.jpg */ = {isa = PBXFileReference; lastKnownFileType = image.jpeg; path = homeGray.jpg; sourceTree = "<group>"; };
		6BF94AFB29F8450F0024C256 /* searchGray.jpg */ = {isa = PBXFileReference; lastKnownFileType = image.jpeg; path = searchGray.jpg; sourceTree = "<group>"; };
		6BF94AFC29F8450F0024C256 /* preWhite.jpg */ = {isa = PBXFileReference; lastKnownFileType = image.jpeg; path = preWhite.jpg; sourceTree = "<group>"; };
		6BF94B0729F84C350024C256 /* LabelNextBtnTableViewCell.swift */ = {isa = PBXFileReference; lastKnownFileType = sourcecode.swift; path = LabelNextBtnTableViewCell.swift; sourceTree = "<group>"; };
		6BF94B0B29F85D770024C256 /* nextBtn.png */ = {isa = PBXFileReference; lastKnownFileType = image.png; path = nextBtn.png; sourceTree = "<group>"; };
		6BF94B0F29F91C0A0024C256 /* tvingImg.jpg */ = {isa = PBXFileReference; lastKnownFileType = image.jpeg; path = tvingImg.jpg; sourceTree = "<group>"; };
		6BF94B1129F91CD90024C256 /* CustomTvingButton.swift */ = {isa = PBXFileReference; lastKnownFileType = sourcecode.swift; path = CustomTvingButton.swift; sourceTree = "<group>"; };
		6BF94B1329F92B3B0024C256 /* MyPageMenu.swift */ = {isa = PBXFileReference; lastKnownFileType = sourcecode.swift; path = MyPageMenu.swift; sourceTree = "<group>"; };
		6BF94B1529F986170024C256 /* MyPageViewHeader.swift */ = {isa = PBXFileReference; lastKnownFileType = sourcecode.swift; path = MyPageViewHeader.swift; sourceTree = "<group>"; };
		6BF94B1729F995B70024C256 /* CALayer+.swift */ = {isa = PBXFileReference; lastKnownFileType = sourcecode.swift; path = "CALayer+.swift"; sourceTree = "<group>"; };
		6BF94B1929F9AA6E0024C256 /* tvingSubscribe.png */ = {isa = PBXFileReference; lastKnownFileType = image.png; path = tvingSubscribe.png; sourceTree = "<group>"; };
		6BF94B1A29F9AA6E0024C256 /* tvingCash.png */ = {isa = PBXFileReference; lastKnownFileType = image.png; path = tvingCash.png; sourceTree = "<group>"; };
		6BF94B1D29FA5A120024C256 /* tvnJtbc.png */ = {isa = PBXFileReference; lastKnownFileType = image.png; path = tvnJtbc.png; sourceTree = "<group>"; };
		6BF94B3D29FA8D950024C256 /* settings.png */ = {isa = PBXFileReference; lastKnownFileType = image.png; path = settings.png; sourceTree = "<group>"; };
		6BF94B3E29FA8D950024C256 /* notification.png */ = {isa = PBXFileReference; lastKnownFileType = image.png; path = notification.png; sourceTree = "<group>"; };
		6BF94B4229FAE94F0024C256 /* TvingUser.swift */ = {isa = PBXFileReference; lastKnownFileType = sourcecode.swift; path = TvingUser.swift; sourceTree = "<group>"; };
		6BF94B4B29FD42CD0024C256 /* Contents.swift */ = {isa = PBXFileReference; lastKnownFileType = sourcecode.swift; path = Contents.swift; sourceTree = "<group>"; };
		6BF94B4D29FD461C0024C256 /* MainViewContentsCell.swift */ = {isa = PBXFileReference; lastKnownFileType = sourcecode.swift; path = MainViewContentsCell.swift; sourceTree = "<group>"; };
/* End PBXFileReference section */

/* Begin PBXFrameworksBuildPhase section */
		6B5944F629F5BE000087A4C3 /* Frameworks */ = {
			isa = PBXFrameworksBuildPhase;
			buildActionMask = 2147483647;
			files = (
				6B6C2F8F2A06227400F76247 /* Alamofire in Frameworks */,
				6B59453529F5C48E0087A4C3 /* SnapKit in Frameworks */,
				6B59453829F5C4AA0087A4C3 /* Then in Frameworks */,
			);
			runOnlyForDeploymentPostprocessing = 0;
		};
/* End PBXFrameworksBuildPhase section */

/* Begin PBXGroup section */
		6B27D6C62A0D63900033BB21 /* Network */ = {
			isa = PBXGroup;
			children = (
			);
			path = Network;
			sourceTree = "<group>";
		};
		6B5944F029F5BE000087A4C3 = {
			isa = PBXGroup;
			children = (
				6B5944FB29F5BE000087A4C3 /* GO_SOPT_Seminar_Assignment */,
				6B5944FA29F5BE000087A4C3 /* Products */,
			);
			sourceTree = "<group>";
		};
		6B5944FA29F5BE000087A4C3 /* Products */ = {
			isa = PBXGroup;
			children = (
				6B5944F929F5BE000087A4C3 /* GO_SOPT_Seminar_Assignment.app */,
			);
			name = Products;
			sourceTree = "<group>";
		};
		6B5944FB29F5BE000087A4C3 /* GO_SOPT_Seminar_Assignment */ = {
			isa = PBXGroup;
			children = (
				6B59451629F5BF9C0087A4C3 /* Resources */,
				6B59451329F5BF070087A4C3 /* Local */,
				6B59451529F5BF7C0087A4C3 /* Sources */,
				6B5944FC29F5BE000087A4C3 /* AppDelegate.swift */,
				6B5944FE29F5BE000087A4C3 /* SceneDelegate.swift */,
				6B59450729F5BE010087A4C3 /* LaunchScreen.storyboard */,
				6B59450A29F5BE010087A4C3 /* Info.plist */,
			);
			path = GO_SOPT_Seminar_Assignment;
			sourceTree = "<group>";
		};
		6B59451029F5BEB90087A4C3 /* Base */ = {
			isa = PBXGroup;
			children = (
				6B59452B29F5C3AE0087A4C3 /* BaseViewController.swift */,
				6B59452D29F5C3D20087A4C3 /* BaseView.swift */,
			);
			path = Base;
			sourceTree = "<group>";
		};
		6B59451129F5BEC20087A4C3 /* Extensions */ = {
			isa = PBXGroup;
			children = (
				6B59453929F5C4BD0087A4C3 /* String+.swift */,
				6B59453B29F5C4D20087A4C3 /* UIButton+.swift */,
				6B59453D29F5C4E90087A4C3 /* UIColor+.swift */,
				6B59453F29F5C5090087A4C3 /* UIFont+.swift */,
				6B59454129F5C51D0087A4C3 /* UILabel+.swift */,
				6B59454329F5C5380087A4C3 /* UIStackView+.swift */,
				6B59454529F5C5490087A4C3 /* UITextField+.swift */,
				6B59454729F5C5590087A4C3 /* UIView+.swift */,
				6B09E72829F6ED7900EFECAB /* UIImage+.swift */,
				6BF94B1729F995B70024C256 /* CALayer+.swift */,
			);
			path = Extensions;
			sourceTree = "<group>";
		};
		6B59451229F5BEDC0087A4C3 /* Classes & Struct & Enum */ = {
			isa = PBXGroup;
			children = (
				6BF94B0729F84C350024C256 /* LabelNextBtnTableViewCell.swift */,
				6B59452F29F5C3F80087A4C3 /* CustomPasswordTextField.swift */,
				6B59453129F5C4090087A4C3 /* CustomTextField.swift */,
			);
			path = "Classes & Struct & Enum";
			sourceTree = "<group>";
		};
		6B59451329F5BF070087A4C3 /* Local */ = {
			isa = PBXGroup;
			children = (
				6B59451429F5BF1C0087A4C3 /* TVING */,
			);
			path = Local;
			sourceTree = "<group>";
		};
		6B59451429F5BF1C0087A4C3 /* TVING */ = {
			isa = PBXGroup;
			children = (
				6B27D6C62A0D63900033BB21 /* Network */,
				6BF94B4429FAE9B70024C256 /* ViewController */,
				6BF94B4129FAE91E0024C256 /* Classes & Structure */,
				6B59454B29F5C6180087A4C3 /* View */,
			);
			path = TVING;
			sourceTree = "<group>";
		};
		6B59451529F5BF7C0087A4C3 /* Sources */ = {
			isa = PBXGroup;
			children = (
				6B59451229F5BEDC0087A4C3 /* Classes & Struct & Enum */,
				6B59451129F5BEC20087A4C3 /* Extensions */,
				6B59451029F5BEB90087A4C3 /* Base */,
			);
			path = Sources;
			sourceTree = "<group>";
		};
		6B59451629F5BF9C0087A4C3 /* Resources */ = {
			isa = PBXGroup;
			children = (
				6B59452029F5C2030087A4C3 /* Image */,
				6B59451F29F5C1410087A4C3 /* Font */,
				6B59450529F5BE010087A4C3 /* Assets.xcassets */,
			);
			path = Resources;
			sourceTree = "<group>";
		};
		6B59451F29F5C1410087A4C3 /* Font */ = {
			isa = PBXGroup;
			children = (
				6B59451A29F5C1370087A4C3 /* Pretendard-Medium.ttf */,
				6B59451B29F5C1370087A4C3 /* Pretendard-Regular.ttf */,
				6B59451929F5C1370087A4C3 /* Pretendard-SemiBold.ttf */,
			);
			path = Font;
			sourceTree = "<group>";
		};
		6B59452029F5C2030087A4C3 /* Image */ = {
			isa = PBXGroup;
			children = (
				6BF94B1D29FA5A120024C256 /* tvnJtbc.png */,
				6BF94B0529F845C50024C256 /* bottomBtnImg */,
				6BF94B0F29F91C0A0024C256 /* tvingImg.jpg */,
				6BF94B1A29F9AA6E0024C256 /* tvingCash.png */,
				6BF94B3E29FA8D950024C256 /* notification.png */,
				6BF94B3D29FA8D950024C256 /* settings.png */,
				6BF94B1929F9AA6E0024C256 /* tvingSubscribe.png */,
				6B59452929F5C2E60087A4C3 /* btn_before.png */,
				6BF94B0B29F85D770024C256 /* nextBtn.png */,
				6B59452329F5C2440087A4C3 /* eye-slash.png */,
				6B09E73229F6FB4E00EFECAB /* doosan.png */,
				6B59452129F5C2380087A4C3 /* eye-non-slash.png */,
				6B59452729F5C28E0087A4C3 /* tiving_logo.png */,
				6B59452529F5C2500087A4C3 /* x-circle.png */,
				6B6C2F642A0019CE00F76247 /* pairing.png */,
			);
			path = Image;
			sourceTree = "<group>";
		};
		6B59454B29F5C6180087A4C3 /* View */ = {
			isa = PBXGroup;
			children = (
				6B6C2F822A02942300F76247 /* Base */,
				6B6C2F7F2A02774F00F76247 /* Login */,
				6B6C2F802A02775B00F76247 /* Main */,
				6B6C2F812A02776D00F76247 /* MyPage */,
			);
			path = View;
			sourceTree = "<group>";
		};
		6B6C2F7C2A02770B00F76247 /* Login */ = {
			isa = PBXGroup;
			children = (
				6B59451729F5C00B0087A4C3 /* LoginViewController.swift */,
			);
			path = Login;
			sourceTree = "<group>";
		};
		6B6C2F7D2A02771800F76247 /* Main */ = {
			isa = PBXGroup;
			children = (
				6B09E73029F6F34200EFECAB /* MainViewController.swift */,
				6B6C2F692A024E3400F76247 /* MainHomeViewController.swift */,
				6B6C2F712A026C2C00F76247 /* MainLiveViewController.swift */,
				6B6C2F732A026C3E00F76247 /* MainTVViewController.swift */,
				6B6C2F752A026C4F00F76247 /* MainMovieViewController.swift */,
				6B6C2F772A026C6300F76247 /* MainParamountViewController.swift */,
				6B6C2F792A026C7200F76247 /* MainKidsViewController.swift */,
				6B6C2F8B2A02D92200F76247 /* MainBaseViewController.swift */,
			);
			path = Main;
			sourceTree = "<group>";
		};
		6B6C2F7E2A02772800F76247 /* MyPage */ = {
			isa = PBXGroup;
			children = (
				6B09E72629F6ECFB00EFECAB /* MyPageViewController.swift */,
			);
			path = MyPage;
			sourceTree = "<group>";
		};
		6B6C2F7F2A02774F00F76247 /* Login */ = {
			isa = PBXGroup;
			children = (
				6B59454C29F5C6300087A4C3 /* NickNameBottomSheetView.swift */,
				6B59454E29F5C6560087A4C3 /* LoginView.swift */,
			);
			path = Login;
			sourceTree = "<group>";
		};
		6B6C2F802A02775B00F76247 /* Main */ = {
			isa = PBXGroup;
			children = (
				6B09E72E29F6F33200EFECAB /* MainView.swift */,
				6B6C2F5829FECF2000F76247 /* MainViewSectionHeader.swift */,
				6B6C2F622A00180300F76247 /* MainViewTopMenu.swift */,
				6B6C2F672A0120E300F76247 /* MainViewPagingIndicator.swift */,
				6B6C2F852A029CA700F76247 /* MainViewSegmentIndicator.swift */,
			);
			path = Main;
			sourceTree = "<group>";
		};
		6B6C2F812A02776D00F76247 /* MyPage */ = {
			isa = PBXGroup;
			children = (
				6B09E72429F6ECE500EFECAB /* MyPageView.swift */,
				6BF94B1529F986170024C256 /* MyPageViewHeader.swift */,
			);
			path = MyPage;
			sourceTree = "<group>";
		};
		6B6C2F822A02942300F76247 /* Base */ = {
			isa = PBXGroup;
			children = (
				6B6C2F832A02946000F76247 /* BottomMenu.swift */,
			);
			path = Base;
			sourceTree = "<group>";
		};
		6BF94B0529F845C50024C256 /* bottomBtnImg */ = {
			isa = PBXGroup;
			children = (
				6BF94AFA29F8450F0024C256 /* homeGray.jpg */,
				6BF94AF729F8450E0024C256 /* homeWhite.jpg */,
				6BF94AF929F8450E0024C256 /* preGray.jpg */,
				6BF94AFC29F8450F0024C256 /* preWhite.jpg */,
				6BF94AF629F8450E0024C256 /* recordGray.jpg */,
				6BF94AF529F8450E0024C256 /* recordWhite.jpg */,
				6BF94AFB29F8450F0024C256 /* searchGray.jpg */,
				6BF94AF829F8450E0024C256 /* searchWhite.jpg */,
			);
			path = bottomBtnImg;
			sourceTree = "<group>";
		};
		6BF94B4129FAE91E0024C256 /* Classes & Structure */ = {
			isa = PBXGroup;
			children = (
				6BF94B4229FAE94F0024C256 /* TvingUser.swift */,
				6BF94B1129F91CD90024C256 /* CustomTvingButton.swift */,
				6BF94B1329F92B3B0024C256 /* MyPageMenu.swift */,
				6BF94B4B29FD42CD0024C256 /* Contents.swift */,
				6B6C2F5E29FF9BC100F76247 /* ContentsSectionLayout.swift */,
				6BF94B4D29FD461C0024C256 /* MainViewContentsCell.swift */,
			);
			path = "Classes & Structure";
			sourceTree = "<group>";
		};
		6BF94B4429FAE9B70024C256 /* ViewController */ = {
			isa = PBXGroup;
			children = (
				6B6C2F7C2A02770B00F76247 /* Login */,
				6B6C2F7D2A02771800F76247 /* Main */,
				6B6C2F7E2A02772800F76247 /* MyPage */,
			);
			path = ViewController;
			sourceTree = "<group>";
		};
/* End PBXGroup section */

/* Begin PBXNativeTarget section */
		6B5944F829F5BE000087A4C3 /* GO_SOPT_Seminar_Assignment */ = {
			isa = PBXNativeTarget;
			buildConfigurationList = 6B59450D29F5BE010087A4C3 /* Build configuration list for PBXNativeTarget "GO_SOPT_Seminar_Assignment" */;
			buildPhases = (
				6B5944F529F5BE000087A4C3 /* Sources */,
				6B5944F629F5BE000087A4C3 /* Frameworks */,
				6B5944F729F5BE000087A4C3 /* Resources */,
			);
			buildRules = (
			);
			dependencies = (
			);
			name = GO_SOPT_Seminar_Assignment;
			packageProductDependencies = (
				6B59453429F5C48E0087A4C3 /* SnapKit */,
				6B59453729F5C4AA0087A4C3 /* Then */,
				6B6C2F8E2A06227400F76247 /* Alamofire */,
			);
			productName = GO_SOPT_Seminar_Assignment;
			productReference = 6B5944F929F5BE000087A4C3 /* GO_SOPT_Seminar_Assignment.app */;
			productType = "com.apple.product-type.application";
		};
/* End PBXNativeTarget section */

/* Begin PBXProject section */
		6B5944F129F5BE000087A4C3 /* Project object */ = {
			isa = PBXProject;
			attributes = {
				BuildIndependentTargetsInParallel = 1;
				LastSwiftUpdateCheck = 1420;
				LastUpgradeCheck = 1420;
				TargetAttributes = {
					6B5944F829F5BE000087A4C3 = {
						CreatedOnToolsVersion = 14.2;
					};
				};
			};
			buildConfigurationList = 6B5944F429F5BE000087A4C3 /* Build configuration list for PBXProject "GO_SOPT_Seminar_Assignment" */;
			compatibilityVersion = "Xcode 14.0";
			developmentRegion = en;
			hasScannedForEncodings = 0;
			knownRegions = (
				en,
				Base,
			);
			mainGroup = 6B5944F029F5BE000087A4C3;
			packageReferences = (
				6B59453329F5C48E0087A4C3 /* XCRemoteSwiftPackageReference "SnapKit" */,
				6B59453629F5C4AA0087A4C3 /* XCRemoteSwiftPackageReference "Then" */,
				6B6C2F8D2A06227400F76247 /* XCRemoteSwiftPackageReference "Alamofire" */,
			);
			productRefGroup = 6B5944FA29F5BE000087A4C3 /* Products */;
			projectDirPath = "";
			projectRoot = "";
			targets = (
				6B5944F829F5BE000087A4C3 /* GO_SOPT_Seminar_Assignment */,
			);
		};
/* End PBXProject section */

/* Begin PBXResourcesBuildPhase section */
		6B5944F729F5BE000087A4C3 /* Resources */ = {
			isa = PBXResourcesBuildPhase;
			buildActionMask = 2147483647;
			files = (
				6BF94B0129F8450F0024C256 /* preGray.jpg in Resources */,
				6BF94AFD29F8450F0024C256 /* recordWhite.jpg in Resources */,
				6B59451C29F5C1370087A4C3 /* Pretendard-SemiBold.ttf in Resources */,
				6BF94B1E29FA5A120024C256 /* tvnJtbc.png in Resources */,
				6BF94B1B29F9AA6E0024C256 /* tvingSubscribe.png in Resources */,
				6BF94B0229F8450F0024C256 /* homeGray.jpg in Resources */,
				6B59451D29F5C1370087A4C3 /* Pretendard-Medium.ttf in Resources */,
				6BF94B1C29F9AA6E0024C256 /* tvingCash.png in Resources */,
				6B59451E29F5C1370087A4C3 /* Pretendard-Regular.ttf in Resources */,
				6BF94B0429F8450F0024C256 /* preWhite.jpg in Resources */,
				6B09E73329F6FB4E00EFECAB /* doosan.png in Resources */,
				6B59452A29F5C2E60087A4C3 /* btn_before.png in Resources */,
				6BF94B4029FA8D950024C256 /* notification.png in Resources */,
				6B59452429F5C2440087A4C3 /* eye-slash.png in Resources */,
				6B6C2F652A0019CE00F76247 /* pairing.png in Resources */,
				6BF94B3F29FA8D950024C256 /* settings.png in Resources */,
				6B59450929F5BE010087A4C3 /* LaunchScreen.storyboard in Resources */,
				6B59450629F5BE010087A4C3 /* Assets.xcassets in Resources */,
				6BF94B0329F8450F0024C256 /* searchGray.jpg in Resources */,
				6B59452629F5C2500087A4C3 /* x-circle.png in Resources */,
				6BF94B0029F8450F0024C256 /* searchWhite.jpg in Resources */,
				6BF94B1029F91C0B0024C256 /* tvingImg.jpg in Resources */,
				6BF94AFE29F8450F0024C256 /* recordGray.jpg in Resources */,
				6B59452829F5C28E0087A4C3 /* tiving_logo.png in Resources */,
				6BF94AFF29F8450F0024C256 /* homeWhite.jpg in Resources */,
				6B59452229F5C2380087A4C3 /* eye-non-slash.png in Resources */,
				6BF94B0C29F85D770024C256 /* nextBtn.png in Resources */,
			);
			runOnlyForDeploymentPostprocessing = 0;
		};
/* End PBXResourcesBuildPhase section */

/* Begin PBXSourcesBuildPhase section */
		6B5944F529F5BE000087A4C3 /* Sources */ = {
			isa = PBXSourcesBuildPhase;
			buildActionMask = 2147483647;
			files = (
				6BF94B1629F986170024C256 /* MyPageViewHeader.swift in Sources */,
				6BF94B4C29FD42CD0024C256 /* Contents.swift in Sources */,
				6B6C2F682A0120E300F76247 /* MainViewPagingIndicator.swift in Sources */,
				6B59454029F5C5090087A4C3 /* UIFont+.swift in Sources */,
				6B59454D29F5C6300087A4C3 /* NickNameBottomSheetView.swift in Sources */,
				6B6C2F7A2A026C7200F76247 /* MainKidsViewController.swift in Sources */,
				6BF94B1429F92B3B0024C256 /* MyPageMenu.swift in Sources */,
				6B59453229F5C4090087A4C3 /* CustomTextField.swift in Sources */,
				6B6C2F762A026C4F00F76247 /* MainMovieViewController.swift in Sources */,
				6B59451829F5C00B0087A4C3 /* LoginViewController.swift in Sources */,
				6B59453A29F5C4BD0087A4C3 /* String+.swift in Sources */,
				6BF94B4329FAE94F0024C256 /* TvingUser.swift in Sources */,
				6B59452C29F5C3AE0087A4C3 /* BaseViewController.swift in Sources */,
				6B6C2F742A026C3E00F76247 /* MainTVViewController.swift in Sources */,
				6B59453C29F5C4D20087A4C3 /* UIButton+.swift in Sources */,
				6B59452E29F5C3D20087A4C3 /* BaseView.swift in Sources */,
				6B5944FD29F5BE000087A4C3 /* AppDelegate.swift in Sources */,
				6BF94B1229F91CD90024C256 /* CustomTvingButton.swift in Sources */,
				6BF94B1829F995B70024C256 /* CALayer+.swift in Sources */,
				6B5944FF29F5BE000087A4C3 /* SceneDelegate.swift in Sources */,
				6B59454829F5C5590087A4C3 /* UIView+.swift in Sources */,
				6BF94B0829F84C350024C256 /* LabelNextBtnTableViewCell.swift in Sources */,
				6B59454F29F5C6560087A4C3 /* LoginView.swift in Sources */,
				6BF94B4E29FD461C0024C256 /* MainViewContentsCell.swift in Sources */,
				6B59454629F5C5490087A4C3 /* UITextField+.swift in Sources */,
				6B59453029F5C3F80087A4C3 /* CustomPasswordTextField.swift in Sources */,
				6B09E73129F6F34200EFECAB /* MainViewController.swift in Sources */,
				6B6C2F862A029CA700F76247 /* MainViewSegmentIndicator.swift in Sources */,
				6B6C2F722A026C2C00F76247 /* MainLiveViewController.swift in Sources */,
				6B6C2F5929FECF2000F76247 /* MainViewSectionHeader.swift in Sources */,
				6B6C2F782A026C6300F76247 /* MainParamountViewController.swift in Sources */,
				6B59454429F5C5380087A4C3 /* UIStackView+.swift in Sources */,
				6B6C2F632A00180300F76247 /* MainViewTopMenu.swift in Sources */,
				6B6C2F842A02946000F76247 /* BottomMenu.swift in Sources */,
				6B6C2F6A2A024E3400F76247 /* MainHomeViewController.swift in Sources */,
				6B09E72729F6ECFB00EFECAB /* MyPageViewController.swift in Sources */,
				6B6C2F8C2A02D92200F76247 /* MainBaseViewController.swift in Sources */,
				6B59454229F5C51D0087A4C3 /* UILabel+.swift in Sources */,
				6B6C2F5F29FF9BC100F76247 /* ContentsSectionLayout.swift in Sources */,
				6B09E72529F6ECE500EFECAB /* MyPageView.swift in Sources */,
				6B09E72F29F6F33200EFECAB /* MainView.swift in Sources */,
				6B09E72929F6ED7900EFECAB /* UIImage+.swift in Sources */,
				6B59453E29F5C4E90087A4C3 /* UIColor+.swift in Sources */,
			);
			runOnlyForDeploymentPostprocessing = 0;
		};
/* End PBXSourcesBuildPhase section */

/* Begin PBXVariantGroup section */
		6B59450729F5BE010087A4C3 /* LaunchScreen.storyboard */ = {
			isa = PBXVariantGroup;
			children = (
				6B59450829F5BE010087A4C3 /* Base */,
			);
			name = LaunchScreen.storyboard;
			sourceTree = "<group>";
		};
/* End PBXVariantGroup section */

/* Begin XCBuildConfiguration section */
		6B59450B29F5BE010087A4C3 /* Debug */ = {
			isa = XCBuildConfiguration;
			buildSettings = {
				ALWAYS_SEARCH_USER_PATHS = NO;
				CLANG_ANALYZER_NONNULL = YES;
				CLANG_ANALYZER_NUMBER_OBJECT_CONVERSION = YES_AGGRESSIVE;
				CLANG_CXX_LANGUAGE_STANDARD = "gnu++20";
				CLANG_ENABLE_MODULES = YES;
				CLANG_ENABLE_OBJC_ARC = YES;
				CLANG_ENABLE_OBJC_WEAK = YES;
				CLANG_WARN_BLOCK_CAPTURE_AUTORELEASING = YES;
				CLANG_WARN_BOOL_CONVERSION = YES;
				CLANG_WARN_COMMA = YES;
				CLANG_WARN_CONSTANT_CONVERSION = YES;
				CLANG_WARN_DEPRECATED_OBJC_IMPLEMENTATIONS = YES;
				CLANG_WARN_DIRECT_OBJC_ISA_USAGE = YES_ERROR;
				CLANG_WARN_DOCUMENTATION_COMMENTS = YES;
				CLANG_WARN_EMPTY_BODY = YES;
				CLANG_WARN_ENUM_CONVERSION = YES;
				CLANG_WARN_INFINITE_RECURSION = YES;
				CLANG_WARN_INT_CONVERSION = YES;
				CLANG_WARN_NON_LITERAL_NULL_CONVERSION = YES;
				CLANG_WARN_OBJC_IMPLICIT_RETAIN_SELF = YES;
				CLANG_WARN_OBJC_LITERAL_CONVERSION = YES;
				CLANG_WARN_OBJC_ROOT_CLASS = YES_ERROR;
				CLANG_WARN_QUOTED_INCLUDE_IN_FRAMEWORK_HEADER = YES;
				CLANG_WARN_RANGE_LOOP_ANALYSIS = YES;
				CLANG_WARN_STRICT_PROTOTYPES = YES;
				CLANG_WARN_SUSPICIOUS_MOVE = YES;
				CLANG_WARN_UNGUARDED_AVAILABILITY = YES_AGGRESSIVE;
				CLANG_WARN_UNREACHABLE_CODE = YES;
				CLANG_WARN__DUPLICATE_METHOD_MATCH = YES;
				COPY_PHASE_STRIP = NO;
				DEBUG_INFORMATION_FORMAT = dwarf;
				ENABLE_STRICT_OBJC_MSGSEND = YES;
				ENABLE_TESTABILITY = YES;
				GCC_C_LANGUAGE_STANDARD = gnu11;
				GCC_DYNAMIC_NO_PIC = NO;
				GCC_NO_COMMON_BLOCKS = YES;
				GCC_OPTIMIZATION_LEVEL = 0;
				GCC_PREPROCESSOR_DEFINITIONS = (
					"DEBUG=1",
					"$(inherited)",
				);
				GCC_WARN_64_TO_32_BIT_CONVERSION = YES;
				GCC_WARN_ABOUT_RETURN_TYPE = YES_ERROR;
				GCC_WARN_UNDECLARED_SELECTOR = YES;
				GCC_WARN_UNINITIALIZED_AUTOS = YES_AGGRESSIVE;
				GCC_WARN_UNUSED_FUNCTION = YES;
				GCC_WARN_UNUSED_VARIABLE = YES;
				IPHONEOS_DEPLOYMENT_TARGET = 16.2;
				MTL_ENABLE_DEBUG_INFO = INCLUDE_SOURCE;
				MTL_FAST_MATH = YES;
				ONLY_ACTIVE_ARCH = YES;
				SDKROOT = iphoneos;
				SWIFT_ACTIVE_COMPILATION_CONDITIONS = DEBUG;
				SWIFT_OPTIMIZATION_LEVEL = "-Onone";
			};
			name = Debug;
		};
		6B59450C29F5BE010087A4C3 /* Release */ = {
			isa = XCBuildConfiguration;
			buildSettings = {
				ALWAYS_SEARCH_USER_PATHS = NO;
				CLANG_ANALYZER_NONNULL = YES;
				CLANG_ANALYZER_NUMBER_OBJECT_CONVERSION = YES_AGGRESSIVE;
				CLANG_CXX_LANGUAGE_STANDARD = "gnu++20";
				CLANG_ENABLE_MODULES = YES;
				CLANG_ENABLE_OBJC_ARC = YES;
				CLANG_ENABLE_OBJC_WEAK = YES;
				CLANG_WARN_BLOCK_CAPTURE_AUTORELEASING = YES;
				CLANG_WARN_BOOL_CONVERSION = YES;
				CLANG_WARN_COMMA = YES;
				CLANG_WARN_CONSTANT_CONVERSION = YES;
				CLANG_WARN_DEPRECATED_OBJC_IMPLEMENTATIONS = YES;
				CLANG_WARN_DIRECT_OBJC_ISA_USAGE = YES_ERROR;
				CLANG_WARN_DOCUMENTATION_COMMENTS = YES;
				CLANG_WARN_EMPTY_BODY = YES;
				CLANG_WARN_ENUM_CONVERSION = YES;
				CLANG_WARN_INFINITE_RECURSION = YES;
				CLANG_WARN_INT_CONVERSION = YES;
				CLANG_WARN_NON_LITERAL_NULL_CONVERSION = YES;
				CLANG_WARN_OBJC_IMPLICIT_RETAIN_SELF = YES;
				CLANG_WARN_OBJC_LITERAL_CONVERSION = YES;
				CLANG_WARN_OBJC_ROOT_CLASS = YES_ERROR;
				CLANG_WARN_QUOTED_INCLUDE_IN_FRAMEWORK_HEADER = YES;
				CLANG_WARN_RANGE_LOOP_ANALYSIS = YES;
				CLANG_WARN_STRICT_PROTOTYPES = YES;
				CLANG_WARN_SUSPICIOUS_MOVE = YES;
				CLANG_WARN_UNGUARDED_AVAILABILITY = YES_AGGRESSIVE;
				CLANG_WARN_UNREACHABLE_CODE = YES;
				CLANG_WARN__DUPLICATE_METHOD_MATCH = YES;
				COPY_PHASE_STRIP = NO;
				DEBUG_INFORMATION_FORMAT = "dwarf-with-dsym";
				ENABLE_NS_ASSERTIONS = NO;
				ENABLE_STRICT_OBJC_MSGSEND = YES;
				GCC_C_LANGUAGE_STANDARD = gnu11;
				GCC_NO_COMMON_BLOCKS = YES;
				GCC_WARN_64_TO_32_BIT_CONVERSION = YES;
				GCC_WARN_ABOUT_RETURN_TYPE = YES_ERROR;
				GCC_WARN_UNDECLARED_SELECTOR = YES;
				GCC_WARN_UNINITIALIZED_AUTOS = YES_AGGRESSIVE;
				GCC_WARN_UNUSED_FUNCTION = YES;
				GCC_WARN_UNUSED_VARIABLE = YES;
				IPHONEOS_DEPLOYMENT_TARGET = 16.2;
				MTL_ENABLE_DEBUG_INFO = NO;
				MTL_FAST_MATH = YES;
				SDKROOT = iphoneos;
				SWIFT_COMPILATION_MODE = wholemodule;
				SWIFT_OPTIMIZATION_LEVEL = "-O";
				VALIDATE_PRODUCT = YES;
			};
			name = Release;
		};
		6B59450E29F5BE010087A4C3 /* Debug */ = {
			isa = XCBuildConfiguration;
			buildSettings = {
				ASSETCATALOG_COMPILER_APPICON_NAME = AppIcon;
				ASSETCATALOG_COMPILER_GLOBAL_ACCENT_COLOR_NAME = AccentColor;
				BASE_URL = "http://54.180.123.11 ";
				CODE_SIGN_STYLE = Automatic;
				CURRENT_PROJECT_VERSION = 1;
				DEVELOPMENT_TEAM = 6ML57N96S3;
				GENERATE_INFOPLIST_FILE = YES;
				INFOPLIST_FILE = GO_SOPT_Seminar_Assignment/Info.plist;
				INFOPLIST_KEY_UIApplicationSupportsIndirectInputEvents = YES;
				INFOPLIST_KEY_UILaunchStoryboardName = LaunchScreen;
				INFOPLIST_KEY_UISupportedInterfaceOrientations_iPad = "UIInterfaceOrientationPortrait UIInterfaceOrientationPortraitUpsideDown UIInterfaceOrientationLandscapeLeft UIInterfaceOrientationLandscapeRight";
				INFOPLIST_KEY_UISupportedInterfaceOrientations_iPhone = "UIInterfaceOrientationPortrait UIInterfaceOrientationLandscapeLeft UIInterfaceOrientationLandscapeRight";
				IPHONEOS_DEPLOYMENT_TARGET = 15.0;
				LD_RUNPATH_SEARCH_PATHS = (
					"$(inherited)",
					"@executable_path/Frameworks",
				);
				MARKETING_VERSION = 1.0;
				PRODUCT_BUNDLE_IDENTIFIER = "yeah.GO-SOPT-Seminar-Assignment";
				PRODUCT_NAME = "$(TARGET_NAME)";
				SWIFT_EMIT_LOC_STRINGS = YES;
				SWIFT_VERSION = 5.0;
				TARGETED_DEVICE_FAMILY = "1,2";
			};
			name = Debug;
		};
		6B59450F29F5BE010087A4C3 /* Release */ = {
			isa = XCBuildConfiguration;
			buildSettings = {
				ASSETCATALOG_COMPILER_APPICON_NAME = AppIcon;
				ASSETCATALOG_COMPILER_GLOBAL_ACCENT_COLOR_NAME = AccentColor;
				BASE_URL = "http://54.180.123.11 ";
				CODE_SIGN_STYLE = Automatic;
				CURRENT_PROJECT_VERSION = 1;
				DEVELOPMENT_TEAM = 6ML57N96S3;
				GENERATE_INFOPLIST_FILE = YES;
				INFOPLIST_FILE = GO_SOPT_Seminar_Assignment/Info.plist;
				INFOPLIST_KEY_UIApplicationSupportsIndirectInputEvents = YES;
				INFOPLIST_KEY_UILaunchStoryboardName = LaunchScreen;
				INFOPLIST_KEY_UISupportedInterfaceOrientations_iPad = "UIInterfaceOrientationPortrait UIInterfaceOrientationPortraitUpsideDown UIInterfaceOrientationLandscapeLeft UIInterfaceOrientationLandscapeRight";
				INFOPLIST_KEY_UISupportedInterfaceOrientations_iPhone = "UIInterfaceOrientationPortrait UIInterfaceOrientationLandscapeLeft UIInterfaceOrientationLandscapeRight";
				IPHONEOS_DEPLOYMENT_TARGET = 15.0;
				LD_RUNPATH_SEARCH_PATHS = (
					"$(inherited)",
					"@executable_path/Frameworks",
				);
				MARKETING_VERSION = 1.0;
				PRODUCT_BUNDLE_IDENTIFIER = "yeah.GO-SOPT-Seminar-Assignment";
				PRODUCT_NAME = "$(TARGET_NAME)";
				SWIFT_EMIT_LOC_STRINGS = YES;
				SWIFT_VERSION = 5.0;
				TARGETED_DEVICE_FAMILY = "1,2";
			};
			name = Release;
		};
/* End XCBuildConfiguration section */

/* Begin XCConfigurationList section */
		6B5944F429F5BE000087A4C3 /* Build configuration list for PBXProject "GO_SOPT_Seminar_Assignment" */ = {
			isa = XCConfigurationList;
			buildConfigurations = (
				6B59450B29F5BE010087A4C3 /* Debug */,
				6B59450C29F5BE010087A4C3 /* Release */,
			);
			defaultConfigurationIsVisible = 0;
			defaultConfigurationName = Release;
		};
		6B59450D29F5BE010087A4C3 /* Build configuration list for PBXNativeTarget "GO_SOPT_Seminar_Assignment" */ = {
			isa = XCConfigurationList;
			buildConfigurations = (
				6B59450E29F5BE010087A4C3 /* Debug */,
				6B59450F29F5BE010087A4C3 /* Release */,
			);
			defaultConfigurationIsVisible = 0;
			defaultConfigurationName = Release;
		};
/* End XCConfigurationList section */

/* Begin XCRemoteSwiftPackageReference section */
		6B59453329F5C48E0087A4C3 /* XCRemoteSwiftPackageReference "SnapKit" */ = {
			isa = XCRemoteSwiftPackageReference;
			repositoryURL = "https://github.com/SnapKit/SnapKit.git";
			requirement = {
				kind = upToNextMajorVersion;
				minimumVersion = 5.0.0;
			};
		};
		6B59453629F5C4AA0087A4C3 /* XCRemoteSwiftPackageReference "Then" */ = {
			isa = XCRemoteSwiftPackageReference;
			repositoryURL = "https://github.com/devxoul/Then.git";
			requirement = {
				kind = upToNextMajorVersion;
				minimumVersion = 3.0.0;
			};
		};
		6B6C2F8D2A06227400F76247 /* XCRemoteSwiftPackageReference "Alamofire" */ = {
			isa = XCRemoteSwiftPackageReference;
			repositoryURL = "https://github.com/Alamofire/Alamofire";
			requirement = {
				kind = upToNextMajorVersion;
				minimumVersion = 5.0.0;
			};
		};
/* End XCRemoteSwiftPackageReference section */

/* Begin XCSwiftPackageProductDependency section */
		6B59453429F5C48E0087A4C3 /* SnapKit */ = {
			isa = XCSwiftPackageProductDependency;
			package = 6B59453329F5C48E0087A4C3 /* XCRemoteSwiftPackageReference "SnapKit" */;
			productName = SnapKit;
		};
		6B59453729F5C4AA0087A4C3 /* Then */ = {
			isa = XCSwiftPackageProductDependency;
			package = 6B59453629F5C4AA0087A4C3 /* XCRemoteSwiftPackageReference "Then" */;
			productName = Then;
		};
		6B6C2F8E2A06227400F76247 /* Alamofire */ = {
			isa = XCSwiftPackageProductDependency;
			package = 6B6C2F8D2A06227400F76247 /* XCRemoteSwiftPackageReference "Alamofire" */;
			productName = Alamofire;
		};
/* End XCSwiftPackageProductDependency section */
	};
	rootObject = 6B5944F129F5BE000087A4C3 /* Project object */;
}
