// !$*UTF8*$!
{
	archiveVersion = 1;
	classes = {
	};
	objectVersion = 56;
	objects = {

/* Begin PBXBuildFile section */
		6B5944FD29F5BE000087A4C3 /* AppDelegate.swift in Sources */ = {isa = PBXBuildFile; fileRef = 6B5944FC29F5BE000087A4C3 /* AppDelegate.swift */; };
		6B5944FF29F5BE000087A4C3 /* SceneDelegate.swift in Sources */ = {isa = PBXBuildFile; fileRef = 6B5944FE29F5BE000087A4C3 /* SceneDelegate.swift */; };
		6B59450429F5BE000087A4C3 /* Main.storyboard in Resources */ = {isa = PBXBuildFile; fileRef = 6B59450229F5BE000087A4C3 /* Main.storyboard */; };
		6B59450629F5BE010087A4C3 /* Assets.xcassets in Resources */ = {isa = PBXBuildFile; fileRef = 6B59450529F5BE010087A4C3 /* Assets.xcassets */; };
		6B59450929F5BE010087A4C3 /* LaunchScreen.storyboard in Resources */ = {isa = PBXBuildFile; fileRef = 6B59450729F5BE010087A4C3 /* LaunchScreen.storyboard */; };
		6B59451829F5C00B0087A4C3 /* LoginViewController.swift in Sources */ = {isa = PBXBuildFile; fileRef = 6B59451729F5C00B0087A4C3 /* LoginViewController.swift */; };
		6B59451C29F5C1370087A4C3 /* Pretendard-SemiBold.ttf in Resources */ = {isa = PBXBuildFile; fileRef = 6B59451929F5C1370087A4C3 /* Pretendard-SemiBold.ttf */; };
		6B59451D29F5C1370087A4C3 /* Pretendard-Medium.ttf in Resources */ = {isa = PBXBuildFile; fileRef = 6B59451A29F5C1370087A4C3 /* Pretendard-Medium.ttf */; };
		6B59451E29F5C1370087A4C3 /* Pretendard-Regular.ttf in Resources */ = {isa = PBXBuildFile; fileRef = 6B59451B29F5C1370087A4C3 /* Pretendard-Regular.ttf */; };
		6B59452229F5C2380087A4C3 /* eye-non-slash.png in Resources */ = {isa = PBXBuildFile; fileRef = 6B59452129F5C2380087A4C3 /* eye-non-slash.png */; };
		6B59452429F5C2440087A4C3 /* eye-slash.png in Resources */ = {isa = PBXBuildFile; fileRef = 6B59452329F5C2440087A4C3 /* eye-slash.png */; };
		6B59452629F5C2500087A4C3 /* x-circle.png in Resources */ = {isa = PBXBuildFile; fileRef = 6B59452529F5C2500087A4C3 /* x-circle.png */; };
		6B59452829F5C28E0087A4C3 /* tiving_logo.png in Resources */ = {isa = PBXBuildFile; fileRef = 6B59452729F5C28E0087A4C3 /* tiving_logo.png */; };
		6B59452A29F5C2E60087A4C3 /* btn_before.png in Resources */ = {isa = PBXBuildFile; fileRef = 6B59452929F5C2E60087A4C3 /* btn_before.png */; };
		6B59452C29F5C3AE0087A4C3 /* BaseViewController.swift in Sources */ = {isa = PBXBuildFile; fileRef = 6B59452B29F5C3AE0087A4C3 /* BaseViewController.swift */; };
		6B59452E29F5C3D20087A4C3 /* BaseView.swift in Sources */ = {isa = PBXBuildFile; fileRef = 6B59452D29F5C3D20087A4C3 /* BaseView.swift */; };
		6B59453029F5C3F80087A4C3 /* CustomPasswordTextField.swift in Sources */ = {isa = PBXBuildFile; fileRef = 6B59452F29F5C3F80087A4C3 /* CustomPasswordTextField.swift */; };
		6B59453229F5C4090087A4C3 /* CustomTextField.swift in Sources */ = {isa = PBXBuildFile; fileRef = 6B59453129F5C4090087A4C3 /* CustomTextField.swift */; };
		6B59453529F5C48E0087A4C3 /* SnapKit in Frameworks */ = {isa = PBXBuildFile; productRef = 6B59453429F5C48E0087A4C3 /* SnapKit */; };
		6B59453829F5C4AA0087A4C3 /* Then in Frameworks */ = {isa = PBXBuildFile; productRef = 6B59453729F5C4AA0087A4C3 /* Then */; };
		6B59453A29F5C4BD0087A4C3 /* String+.swift in Sources */ = {isa = PBXBuildFile; fileRef = 6B59453929F5C4BD0087A4C3 /* String+.swift */; };
		6B59453C29F5C4D20087A4C3 /* UIButton+.swift in Sources */ = {isa = PBXBuildFile; fileRef = 6B59453B29F5C4D20087A4C3 /* UIButton+.swift */; };
		6B59453E29F5C4E90087A4C3 /* UIColor+.swift in Sources */ = {isa = PBXBuildFile; fileRef = 6B59453D29F5C4E90087A4C3 /* UIColor+.swift */; };
		6B59454029F5C5090087A4C3 /* UIFont+.swift in Sources */ = {isa = PBXBuildFile; fileRef = 6B59453F29F5C5090087A4C3 /* UIFont+.swift */; };
		6B59454229F5C51D0087A4C3 /* UILabel+.swift in Sources */ = {isa = PBXBuildFile; fileRef = 6B59454129F5C51D0087A4C3 /* UILabel+.swift */; };
		6B59454429F5C5380087A4C3 /* UIStackView+.swift in Sources */ = {isa = PBXBuildFile; fileRef = 6B59454329F5C5380087A4C3 /* UIStackView+.swift */; };
		6B59454629F5C5490087A4C3 /* UITextField+.swift in Sources */ = {isa = PBXBuildFile; fileRef = 6B59454529F5C5490087A4C3 /* UITextField+.swift */; };
		6B59454829F5C5590087A4C3 /* UIView+.swift in Sources */ = {isa = PBXBuildFile; fileRef = 6B59454729F5C5590087A4C3 /* UIView+.swift */; };
		6B59454A29F5C6030087A4C3 /* WelcomeViewController.swift in Sources */ = {isa = PBXBuildFile; fileRef = 6B59454929F5C6030087A4C3 /* WelcomeViewController.swift */; };
		6B59454D29F5C6300087A4C3 /* AddNickNameBottomSheetView.swift in Sources */ = {isa = PBXBuildFile; fileRef = 6B59454C29F5C6300087A4C3 /* AddNickNameBottomSheetView.swift */; };
		6B59454F29F5C6560087A4C3 /* LoginView.swift in Sources */ = {isa = PBXBuildFile; fileRef = 6B59454E29F5C6560087A4C3 /* LoginView.swift */; };
		6B59455129F5C66D0087A4C3 /* WelcomeView.swift in Sources */ = {isa = PBXBuildFile; fileRef = 6B59455029F5C66D0087A4C3 /* WelcomeView.swift */; };
/* End PBXBuildFile section */

/* Begin PBXFileReference section */
		6B5944F929F5BE000087A4C3 /* GO_SOPT_Seminar_Assignment.app */ = {isa = PBXFileReference; explicitFileType = wrapper.application; includeInIndex = 0; path = GO_SOPT_Seminar_Assignment.app; sourceTree = BUILT_PRODUCTS_DIR; };
		6B5944FC29F5BE000087A4C3 /* AppDelegate.swift */ = {isa = PBXFileReference; lastKnownFileType = sourcecode.swift; path = AppDelegate.swift; sourceTree = "<group>"; };
		6B5944FE29F5BE000087A4C3 /* SceneDelegate.swift */ = {isa = PBXFileReference; lastKnownFileType = sourcecode.swift; path = SceneDelegate.swift; sourceTree = "<group>"; };
		6B59450329F5BE000087A4C3 /* Base */ = {isa = PBXFileReference; lastKnownFileType = file.storyboard; name = Base; path = Base.lproj/Main.storyboard; sourceTree = "<group>"; };
		6B59450529F5BE010087A4C3 /* Assets.xcassets */ = {isa = PBXFileReference; lastKnownFileType = folder.assetcatalog; path = Assets.xcassets; sourceTree = "<group>"; };
		6B59450829F5BE010087A4C3 /* Base */ = {isa = PBXFileReference; lastKnownFileType = file.storyboard; name = Base; path = Base.lproj/LaunchScreen.storyboard; sourceTree = "<group>"; };
		6B59450A29F5BE010087A4C3 /* Info.plist */ = {isa = PBXFileReference; lastKnownFileType = text.plist.xml; path = Info.plist; sourceTree = "<group>"; };
		6B59451729F5C00B0087A4C3 /* LoginViewController.swift */ = {isa = PBXFileReference; lastKnownFileType = sourcecode.swift; path = LoginViewController.swift; sourceTree = "<group>"; };
		6B59451929F5C1370087A4C3 /* Pretendard-SemiBold.ttf */ = {isa = PBXFileReference; lastKnownFileType = file; path = "Pretendard-SemiBold.ttf"; sourceTree = "<group>"; };
		6B59451A29F5C1370087A4C3 /* Pretendard-Medium.ttf */ = {isa = PBXFileReference; lastKnownFileType = file; path = "Pretendard-Medium.ttf"; sourceTree = "<group>"; };
		6B59451B29F5C1370087A4C3 /* Pretendard-Regular.ttf */ = {isa = PBXFileReference; lastKnownFileType = file; path = "Pretendard-Regular.ttf"; sourceTree = "<group>"; };
		6B59452129F5C2380087A4C3 /* eye-non-slash.png */ = {isa = PBXFileReference; lastKnownFileType = image.png; path = "eye-non-slash.png"; sourceTree = "<group>"; };
		6B59452329F5C2440087A4C3 /* eye-slash.png */ = {isa = PBXFileReference; lastKnownFileType = image.png; path = "eye-slash.png"; sourceTree = "<group>"; };
		6B59452529F5C2500087A4C3 /* x-circle.png */ = {isa = PBXFileReference; lastKnownFileType = image.png; path = "x-circle.png"; sourceTree = "<group>"; };
		6B59452729F5C28E0087A4C3 /* tiving_logo.png */ = {isa = PBXFileReference; lastKnownFileType = image.png; path = tiving_logo.png; sourceTree = "<group>"; };
		6B59452929F5C2E60087A4C3 /* btn_before.png */ = {isa = PBXFileReference; lastKnownFileType = image.png; path = btn_before.png; sourceTree = "<group>"; };
		6B59452B29F5C3AE0087A4C3 /* BaseViewController.swift */ = {isa = PBXFileReference; lastKnownFileType = sourcecode.swift; path = BaseViewController.swift; sourceTree = "<group>"; };
		6B59452D29F5C3D20087A4C3 /* BaseView.swift */ = {isa = PBXFileReference; lastKnownFileType = sourcecode.swift; path = BaseView.swift; sourceTree = "<group>"; };
		6B59452F29F5C3F80087A4C3 /* CustomPasswordTextField.swift */ = {isa = PBXFileReference; lastKnownFileType = sourcecode.swift; path = CustomPasswordTextField.swift; sourceTree = "<group>"; };
		6B59453129F5C4090087A4C3 /* CustomTextField.swift */ = {isa = PBXFileReference; lastKnownFileType = sourcecode.swift; path = CustomTextField.swift; sourceTree = "<group>"; };
		6B59453929F5C4BD0087A4C3 /* String+.swift */ = {isa = PBXFileReference; lastKnownFileType = sourcecode.swift; path = "String+.swift"; sourceTree = "<group>"; };
		6B59453B29F5C4D20087A4C3 /* UIButton+.swift */ = {isa = PBXFileReference; lastKnownFileType = sourcecode.swift; path = "UIButton+.swift"; sourceTree = "<group>"; };
		6B59453D29F5C4E90087A4C3 /* UIColor+.swift */ = {isa = PBXFileReference; lastKnownFileType = sourcecode.swift; path = "UIColor+.swift"; sourceTree = "<group>"; };
		6B59453F29F5C5090087A4C3 /* UIFont+.swift */ = {isa = PBXFileReference; lastKnownFileType = sourcecode.swift; path = "UIFont+.swift"; sourceTree = "<group>"; };
		6B59454129F5C51D0087A4C3 /* UILabel+.swift */ = {isa = PBXFileReference; lastKnownFileType = sourcecode.swift; path = "UILabel+.swift"; sourceTree = "<group>"; };
		6B59454329F5C5380087A4C3 /* UIStackView+.swift */ = {isa = PBXFileReference; lastKnownFileType = sourcecode.swift; path = "UIStackView+.swift"; sourceTree = "<group>"; };
		6B59454529F5C5490087A4C3 /* UITextField+.swift */ = {isa = PBXFileReference; lastKnownFileType = sourcecode.swift; path = "UITextField+.swift"; sourceTree = "<group>"; };
		6B59454729F5C5590087A4C3 /* UIView+.swift */ = {isa = PBXFileReference; lastKnownFileType = sourcecode.swift; path = "UIView+.swift"; sourceTree = "<group>"; };
		6B59454929F5C6030087A4C3 /* WelcomeViewController.swift */ = {isa = PBXFileReference; lastKnownFileType = sourcecode.swift; path = WelcomeViewController.swift; sourceTree = "<group>"; };
		6B59454C29F5C6300087A4C3 /* AddNickNameBottomSheetView.swift */ = {isa = PBXFileReference; lastKnownFileType = sourcecode.swift; path = AddNickNameBottomSheetView.swift; sourceTree = "<group>"; };
		6B59454E29F5C6560087A4C3 /* LoginView.swift */ = {isa = PBXFileReference; lastKnownFileType = sourcecode.swift; path = LoginView.swift; sourceTree = "<group>"; };
		6B59455029F5C66D0087A4C3 /* WelcomeView.swift */ = {isa = PBXFileReference; lastKnownFileType = sourcecode.swift; path = WelcomeView.swift; sourceTree = "<group>"; };
/* End PBXFileReference section */

/* Begin PBXFrameworksBuildPhase section */
		6B5944F629F5BE000087A4C3 /* Frameworks */ = {
			isa = PBXFrameworksBuildPhase;
			buildActionMask = 2147483647;
			files = (
				6B59453529F5C48E0087A4C3 /* SnapKit in Frameworks */,
				6B59453829F5C4AA0087A4C3 /* Then in Frameworks */,
			);
			runOnlyForDeploymentPostprocessing = 0;
		};
/* End PBXFrameworksBuildPhase section */

/* Begin PBXGroup section */
		6B5944F029F5BE000087A4C3 = {
			isa = PBXGroup;
			children = (
				6B5944FB29F5BE000087A4C3 /* GO_SOPT_Seminar_Assignment */,
				6B5944FA29F5BE000087A4C3 /* Products */,
			);
			sourceTree = "<group>";
		};
		6B5944FA29F5BE000087A4C3 /* Products */ = {
			isa = PBXGroup;
			children = (
				6B5944F929F5BE000087A4C3 /* GO_SOPT_Seminar_Assignment.app */,
			);
			name = Products;
			sourceTree = "<group>";
		};
		6B5944FB29F5BE000087A4C3 /* GO_SOPT_Seminar_Assignment */ = {
			isa = PBXGroup;
			children = (
				6B59451629F5BF9C0087A4C3 /* Resources */,
				6B59451329F5BF070087A4C3 /* Local */,
				6B59451529F5BF7C0087A4C3 /* Sources */,
				6B5944FC29F5BE000087A4C3 /* AppDelegate.swift */,
				6B5944FE29F5BE000087A4C3 /* SceneDelegate.swift */,
				6B59450229F5BE000087A4C3 /* Main.storyboard */,
				6B59450729F5BE010087A4C3 /* LaunchScreen.storyboard */,
				6B59450A29F5BE010087A4C3 /* Info.plist */,
			);
			path = GO_SOPT_Seminar_Assignment;
			sourceTree = "<group>";
		};
		6B59451029F5BEB90087A4C3 /* Base */ = {
			isa = PBXGroup;
			children = (
				6B59452B29F5C3AE0087A4C3 /* BaseViewController.swift */,
				6B59452D29F5C3D20087A4C3 /* BaseView.swift */,
			);
			path = Base;
			sourceTree = "<group>";
		};
		6B59451129F5BEC20087A4C3 /* Extensions */ = {
			isa = PBXGroup;
			children = (
				6B59453929F5C4BD0087A4C3 /* String+.swift */,
				6B59453B29F5C4D20087A4C3 /* UIButton+.swift */,
				6B59453D29F5C4E90087A4C3 /* UIColor+.swift */,
				6B59453F29F5C5090087A4C3 /* UIFont+.swift */,
				6B59454129F5C51D0087A4C3 /* UILabel+.swift */,
				6B59454329F5C5380087A4C3 /* UIStackView+.swift */,
				6B59454529F5C5490087A4C3 /* UITextField+.swift */,
				6B59454729F5C5590087A4C3 /* UIView+.swift */,
			);
			path = Extensions;
			sourceTree = "<group>";
		};
		6B59451229F5BEDC0087A4C3 /* Classes & Struct & Enum */ = {
			isa = PBXGroup;
			children = (
				6B59452F29F5C3F80087A4C3 /* CustomPasswordTextField.swift */,
				6B59453129F5C4090087A4C3 /* CustomTextField.swift */,
			);
			path = "Classes & Struct & Enum";
			sourceTree = "<group>";
		};
		6B59451329F5BF070087A4C3 /* Local */ = {
			isa = PBXGroup;
			children = (
				6B59451429F5BF1C0087A4C3 /* TVING */,
			);
			path = Local;
			sourceTree = "<group>";
		};
		6B59451429F5BF1C0087A4C3 /* TVING */ = {
			isa = PBXGroup;
			children = (
				6B59454B29F5C6180087A4C3 /* View */,
				6B59451729F5C00B0087A4C3 /* LoginViewController.swift */,
				6B59454929F5C6030087A4C3 /* WelcomeViewController.swift */,
			);
			path = TVING;
			sourceTree = "<group>";
		};
		6B59451529F5BF7C0087A4C3 /* Sources */ = {
			isa = PBXGroup;
			children = (
				6B59451229F5BEDC0087A4C3 /* Classes & Struct & Enum */,
				6B59451129F5BEC20087A4C3 /* Extensions */,
				6B59451029F5BEB90087A4C3 /* Base */,
			);
			path = Sources;
			sourceTree = "<group>";
		};
		6B59451629F5BF9C0087A4C3 /* Resources */ = {
			isa = PBXGroup;
			children = (
				6B59452029F5C2030087A4C3 /* Image */,
				6B59451F29F5C1410087A4C3 /* Font */,
				6B59450529F5BE010087A4C3 /* Assets.xcassets */,
			);
			path = Resources;
			sourceTree = "<group>";
		};
		6B59451F29F5C1410087A4C3 /* Font */ = {
			isa = PBXGroup;
			children = (
				6B59451A29F5C1370087A4C3 /* Pretendard-Medium.ttf */,
				6B59451B29F5C1370087A4C3 /* Pretendard-Regular.ttf */,
				6B59451929F5C1370087A4C3 /* Pretendard-SemiBold.ttf */,
			);
			path = Font;
			sourceTree = "<group>";
		};
		6B59452029F5C2030087A4C3 /* Image */ = {
			isa = PBXGroup;
			children = (
				6B59452929F5C2E60087A4C3 /* btn_before.png */,
				6B59452329F5C2440087A4C3 /* eye-slash.png */,
				6B59452129F5C2380087A4C3 /* eye-non-slash.png */,
				6B59452729F5C28E0087A4C3 /* tiving_logo.png */,
				6B59452529F5C2500087A4C3 /* x-circle.png */,
			);
			path = Image;
			sourceTree = "<group>";
		};
		6B59454B29F5C6180087A4C3 /* View */ = {
			isa = PBXGroup;
			children = (
				6B59454C29F5C6300087A4C3 /* AddNickNameBottomSheetView.swift */,
				6B59454E29F5C6560087A4C3 /* LoginView.swift */,
				6B59455029F5C66D0087A4C3 /* WelcomeView.swift */,
			);
			path = View;
			sourceTree = "<group>";
		};
/* End PBXGroup section */

/* Begin PBXNativeTarget section */
		6B5944F829F5BE000087A4C3 /* GO_SOPT_Seminar_Assignment */ = {
			isa = PBXNativeTarget;
			buildConfigurationList = 6B59450D29F5BE010087A4C3 /* Build configuration list for PBXNativeTarget "GO_SOPT_Seminar_Assignment" */;
			buildPhases = (
				6B5944F529F5BE000087A4C3 /* Sources */,
				6B5944F629F5BE000087A4C3 /* Frameworks */,
				6B5944F729F5BE000087A4C3 /* Resources */,
			);
			buildRules = (
			);
			dependencies = (
			);
			name = GO_SOPT_Seminar_Assignment;
			packageProductDependencies = (
				6B59453429F5C48E0087A4C3 /* SnapKit */,
				6B59453729F5C4AA0087A4C3 /* Then */,
			);
			productName = GO_SOPT_Seminar_Assignment;
			productReference = 6B5944F929F5BE000087A4C3 /* GO_SOPT_Seminar_Assignment.app */;
			productType = "com.apple.product-type.application";
		};
/* End PBXNativeTarget section */

/* Begin PBXProject section */
		6B5944F129F5BE000087A4C3 /* Project object */ = {
			isa = PBXProject;
			attributes = {
				BuildIndependentTargetsInParallel = 1;
				LastSwiftUpdateCheck = 1420;
				LastUpgradeCheck = 1420;
				TargetAttributes = {
					6B5944F829F5BE000087A4C3 = {
						CreatedOnToolsVersion = 14.2;
					};
				};
			};
			buildConfigurationList = 6B5944F429F5BE000087A4C3 /* Build configuration list for PBXProject "GO_SOPT_Seminar_Assignment" */;
			compatibilityVersion = "Xcode 14.0";
			developmentRegion = en;
			hasScannedForEncodings = 0;
			knownRegions = (
				en,
				Base,
			);
			mainGroup = 6B5944F029F5BE000087A4C3;
			packageReferences = (
				6B59453329F5C48E0087A4C3 /* XCRemoteSwiftPackageReference "SnapKit" */,
				6B59453629F5C4AA0087A4C3 /* XCRemoteSwiftPackageReference "Then" */,
			);
			productRefGroup = 6B5944FA29F5BE000087A4C3 /* Products */;
			projectDirPath = "";
			projectRoot = "";
			targets = (
				6B5944F829F5BE000087A4C3 /* GO_SOPT_Seminar_Assignment */,
			);
		};
/* End PBXProject section */

/* Begin PBXResourcesBuildPhase section */
		6B5944F729F5BE000087A4C3 /* Resources */ = {
			isa = PBXResourcesBuildPhase;
			buildActionMask = 2147483647;
			files = (
				6B59451C29F5C1370087A4C3 /* Pretendard-SemiBold.ttf in Resources */,
				6B59451D29F5C1370087A4C3 /* Pretendard-Medium.ttf in Resources */,
				6B59451E29F5C1370087A4C3 /* Pretendard-Regular.ttf in Resources */,
				6B59452A29F5C2E60087A4C3 /* btn_before.png in Resources */,
				6B59452429F5C2440087A4C3 /* eye-slash.png in Resources */,
				6B59450929F5BE010087A4C3 /* LaunchScreen.storyboard in Resources */,
				6B59450629F5BE010087A4C3 /* Assets.xcassets in Resources */,
				6B59452629F5C2500087A4C3 /* x-circle.png in Resources */,
				6B59452829F5C28E0087A4C3 /* tiving_logo.png in Resources */,
				6B59452229F5C2380087A4C3 /* eye-non-slash.png in Resources */,
				6B59450429F5BE000087A4C3 /* Main.storyboard in Resources */,
			);
			runOnlyForDeploymentPostprocessing = 0;
		};
/* End PBXResourcesBuildPhase section */

/* Begin PBXSourcesBuildPhase section */
		6B5944F529F5BE000087A4C3 /* Sources */ = {
			isa = PBXSourcesBuildPhase;
			buildActionMask = 2147483647;
			files = (
				6B59454029F5C5090087A4C3 /* UIFont+.swift in Sources */,
				6B59454A29F5C6030087A4C3 /* WelcomeViewController.swift in Sources */,
				6B59454D29F5C6300087A4C3 /* AddNickNameBottomSheetView.swift in Sources */,
				6B59453229F5C4090087A4C3 /* CustomTextField.swift in Sources */,
				6B59451829F5C00B0087A4C3 /* LoginViewController.swift in Sources */,
				6B59453A29F5C4BD0087A4C3 /* String+.swift in Sources */,
				6B59452C29F5C3AE0087A4C3 /* BaseViewController.swift in Sources */,
				6B59453C29F5C4D20087A4C3 /* UIButton+.swift in Sources */,
				6B59452E29F5C3D20087A4C3 /* BaseView.swift in Sources */,
				6B5944FD29F5BE000087A4C3 /* AppDelegate.swift in Sources */,
				6B5944FF29F5BE000087A4C3 /* SceneDelegate.swift in Sources */,
				6B59454829F5C5590087A4C3 /* UIView+.swift in Sources */,
				6B59454F29F5C6560087A4C3 /* LoginView.swift in Sources */,
				6B59454629F5C5490087A4C3 /* UITextField+.swift in Sources */,
				6B59453029F5C3F80087A4C3 /* CustomPasswordTextField.swift in Sources */,
				6B59454429F5C5380087A4C3 /* UIStackView+.swift in Sources */,
				6B59454229F5C51D0087A4C3 /* UILabel+.swift in Sources */,
				6B59453E29F5C4E90087A4C3 /* UIColor+.swift in Sources */,
				6B59455129F5C66D0087A4C3 /* WelcomeView.swift in Sources */,
			);
			runOnlyForDeploymentPostprocessing = 0;
		};
/* End PBXSourcesBuildPhase section */

/* Begin PBXVariantGroup section */
		6B59450229F5BE000087A4C3 /* Main.storyboard */ = {
			isa = PBXVariantGroup;
			children = (
				6B59450329F5BE000087A4C3 /* Base */,
			);
			name = Main.storyboard;
			sourceTree = "<group>";
		};
		6B59450729F5BE010087A4C3 /* LaunchScreen.storyboard */ = {
			isa = PBXVariantGroup;
			children = (
				6B59450829F5BE010087A4C3 /* Base */,
			);
			name = LaunchScreen.storyboard;
			sourceTree = "<group>";
		};
/* End PBXVariantGroup section */

/* Begin XCBuildConfiguration section */
		6B59450B29F5BE010087A4C3 /* Debug */ = {
			isa = XCBuildConfiguration;
			buildSettings = {
				ALWAYS_SEARCH_USER_PATHS = NO;
				CLANG_ANALYZER_NONNULL = YES;
				CLANG_ANALYZER_NUMBER_OBJECT_CONVERSION = YES_AGGRESSIVE;
				CLANG_CXX_LANGUAGE_STANDARD = "gnu++20";
				CLANG_ENABLE_MODULES = YES;
				CLANG_ENABLE_OBJC_ARC = YES;
				CLANG_ENABLE_OBJC_WEAK = YES;
				CLANG_WARN_BLOCK_CAPTURE_AUTORELEASING = YES;
				CLANG_WARN_BOOL_CONVERSION = YES;
				CLANG_WARN_COMMA = YES;
				CLANG_WARN_CONSTANT_CONVERSION = YES;
				CLANG_WARN_DEPRECATED_OBJC_IMPLEMENTATIONS = YES;
				CLANG_WARN_DIRECT_OBJC_ISA_USAGE = YES_ERROR;
				CLANG_WARN_DOCUMENTATION_COMMENTS = YES;
				CLANG_WARN_EMPTY_BODY = YES;
				CLANG_WARN_ENUM_CONVERSION = YES;
				CLANG_WARN_INFINITE_RECURSION = YES;
				CLANG_WARN_INT_CONVERSION = YES;
				CLANG_WARN_NON_LITERAL_NULL_CONVERSION = YES;
				CLANG_WARN_OBJC_IMPLICIT_RETAIN_SELF = YES;
				CLANG_WARN_OBJC_LITERAL_CONVERSION = YES;
				CLANG_WARN_OBJC_ROOT_CLASS = YES_ERROR;
				CLANG_WARN_QUOTED_INCLUDE_IN_FRAMEWORK_HEADER = YES;
				CLANG_WARN_RANGE_LOOP_ANALYSIS = YES;
				CLANG_WARN_STRICT_PROTOTYPES = YES;
				CLANG_WARN_SUSPICIOUS_MOVE = YES;
				CLANG_WARN_UNGUARDED_AVAILABILITY = YES_AGGRESSIVE;
				CLANG_WARN_UNREACHABLE_CODE = YES;
				CLANG_WARN__DUPLICATE_METHOD_MATCH = YES;
				COPY_PHASE_STRIP = NO;
				DEBUG_INFORMATION_FORMAT = dwarf;
				ENABLE_STRICT_OBJC_MSGSEND = YES;
				ENABLE_TESTABILITY = YES;
				GCC_C_LANGUAGE_STANDARD = gnu11;
				GCC_DYNAMIC_NO_PIC = NO;
				GCC_NO_COMMON_BLOCKS = YES;
				GCC_OPTIMIZATION_LEVEL = 0;
				GCC_PREPROCESSOR_DEFINITIONS = (
					"DEBUG=1",
					"$(inherited)",
				);
				GCC_WARN_64_TO_32_BIT_CONVERSION = YES;
				GCC_WARN_ABOUT_RETURN_TYPE = YES_ERROR;
				GCC_WARN_UNDECLARED_SELECTOR = YES;
				GCC_WARN_UNINITIALIZED_AUTOS = YES_AGGRESSIVE;
				GCC_WARN_UNUSED_FUNCTION = YES;
				GCC_WARN_UNUSED_VARIABLE = YES;
				IPHONEOS_DEPLOYMENT_TARGET = 16.2;
				MTL_ENABLE_DEBUG_INFO = INCLUDE_SOURCE;
				MTL_FAST_MATH = YES;
				ONLY_ACTIVE_ARCH = YES;
				SDKROOT = iphoneos;
				SWIFT_ACTIVE_COMPILATION_CONDITIONS = DEBUG;
				SWIFT_OPTIMIZATION_LEVEL = "-Onone";
			};
			name = Debug;
		};
		6B59450C29F5BE010087A4C3 /* Release */ = {
			isa = XCBuildConfiguration;
			buildSettings = {
				ALWAYS_SEARCH_USER_PATHS = NO;
				CLANG_ANALYZER_NONNULL = YES;
				CLANG_ANALYZER_NUMBER_OBJECT_CONVERSION = YES_AGGRESSIVE;
				CLANG_CXX_LANGUAGE_STANDARD = "gnu++20";
				CLANG_ENABLE_MODULES = YES;
				CLANG_ENABLE_OBJC_ARC = YES;
				CLANG_ENABLE_OBJC_WEAK = YES;
				CLANG_WARN_BLOCK_CAPTURE_AUTORELEASING = YES;
				CLANG_WARN_BOOL_CONVERSION = YES;
				CLANG_WARN_COMMA = YES;
				CLANG_WARN_CONSTANT_CONVERSION = YES;
				CLANG_WARN_DEPRECATED_OBJC_IMPLEMENTATIONS = YES;
				CLANG_WARN_DIRECT_OBJC_ISA_USAGE = YES_ERROR;
				CLANG_WARN_DOCUMENTATION_COMMENTS = YES;
				CLANG_WARN_EMPTY_BODY = YES;
				CLANG_WARN_ENUM_CONVERSION = YES;
				CLANG_WARN_INFINITE_RECURSION = YES;
				CLANG_WARN_INT_CONVERSION = YES;
				CLANG_WARN_NON_LITERAL_NULL_CONVERSION = YES;
				CLANG_WARN_OBJC_IMPLICIT_RETAIN_SELF = YES;
				CLANG_WARN_OBJC_LITERAL_CONVERSION = YES;
				CLANG_WARN_OBJC_ROOT_CLASS = YES_ERROR;
				CLANG_WARN_QUOTED_INCLUDE_IN_FRAMEWORK_HEADER = YES;
				CLANG_WARN_RANGE_LOOP_ANALYSIS = YES;
				CLANG_WARN_STRICT_PROTOTYPES = YES;
				CLANG_WARN_SUSPICIOUS_MOVE = YES;
				CLANG_WARN_UNGUARDED_AVAILABILITY = YES_AGGRESSIVE;
				CLANG_WARN_UNREACHABLE_CODE = YES;
				CLANG_WARN__DUPLICATE_METHOD_MATCH = YES;
				COPY_PHASE_STRIP = NO;
				DEBUG_INFORMATION_FORMAT = "dwarf-with-dsym";
				ENABLE_NS_ASSERTIONS = NO;
				ENABLE_STRICT_OBJC_MSGSEND = YES;
				GCC_C_LANGUAGE_STANDARD = gnu11;
				GCC_NO_COMMON_BLOCKS = YES;
				GCC_WARN_64_TO_32_BIT_CONVERSION = YES;
				GCC_WARN_ABOUT_RETURN_TYPE = YES_ERROR;
				GCC_WARN_UNDECLARED_SELECTOR = YES;
				GCC_WARN_UNINITIALIZED_AUTOS = YES_AGGRESSIVE;
				GCC_WARN_UNUSED_FUNCTION = YES;
				GCC_WARN_UNUSED_VARIABLE = YES;
				IPHONEOS_DEPLOYMENT_TARGET = 16.2;
				MTL_ENABLE_DEBUG_INFO = NO;
				MTL_FAST_MATH = YES;
				SDKROOT = iphoneos;
				SWIFT_COMPILATION_MODE = wholemodule;
				SWIFT_OPTIMIZATION_LEVEL = "-O";
				VALIDATE_PRODUCT = YES;
			};
			name = Release;
		};
		6B59450E29F5BE010087A4C3 /* Debug */ = {
			isa = XCBuildConfiguration;
			buildSettings = {
				ASSETCATALOG_COMPILER_APPICON_NAME = AppIcon;
				ASSETCATALOG_COMPILER_GLOBAL_ACCENT_COLOR_NAME = AccentColor;
				CODE_SIGN_STYLE = Automatic;
				CURRENT_PROJECT_VERSION = 1;
				DEVELOPMENT_TEAM = 6ML57N96S3;
				GENERATE_INFOPLIST_FILE = YES;
				INFOPLIST_FILE = GO_SOPT_Seminar_Assignment/Info.plist;
				INFOPLIST_KEY_UIApplicationSupportsIndirectInputEvents = YES;
				INFOPLIST_KEY_UILaunchStoryboardName = LaunchScreen;
				INFOPLIST_KEY_UISupportedInterfaceOrientations_iPad = "UIInterfaceOrientationPortrait UIInterfaceOrientationPortraitUpsideDown UIInterfaceOrientationLandscapeLeft UIInterfaceOrientationLandscapeRight";
				INFOPLIST_KEY_UISupportedInterfaceOrientations_iPhone = "UIInterfaceOrientationPortrait UIInterfaceOrientationLandscapeLeft UIInterfaceOrientationLandscapeRight";
				LD_RUNPATH_SEARCH_PATHS = (
					"$(inherited)",
					"@executable_path/Frameworks",
				);
				MARKETING_VERSION = 1.0;
				PRODUCT_BUNDLE_IDENTIFIER = "yeah.GO-SOPT-Seminar-Assignment";
				PRODUCT_NAME = "$(TARGET_NAME)";
				SWIFT_EMIT_LOC_STRINGS = YES;
				SWIFT_VERSION = 5.0;
				TARGETED_DEVICE_FAMILY = "1,2";
			};
			name = Debug;
		};
		6B59450F29F5BE010087A4C3 /* Release */ = {
			isa = XCBuildConfiguration;
			buildSettings = {
				ASSETCATALOG_COMPILER_APPICON_NAME = AppIcon;
				ASSETCATALOG_COMPILER_GLOBAL_ACCENT_COLOR_NAME = AccentColor;
				CODE_SIGN_STYLE = Automatic;
				CURRENT_PROJECT_VERSION = 1;
				DEVELOPMENT_TEAM = 6ML57N96S3;
				GENERATE_INFOPLIST_FILE = YES;
				INFOPLIST_FILE = GO_SOPT_Seminar_Assignment/Info.plist;
				INFOPLIST_KEY_UIApplicationSupportsIndirectInputEvents = YES;
				INFOPLIST_KEY_UILaunchStoryboardName = LaunchScreen;
				INFOPLIST_KEY_UISupportedInterfaceOrientations_iPad = "UIInterfaceOrientationPortrait UIInterfaceOrientationPortraitUpsideDown UIInterfaceOrientationLandscapeLeft UIInterfaceOrientationLandscapeRight";
				INFOPLIST_KEY_UISupportedInterfaceOrientations_iPhone = "UIInterfaceOrientationPortrait UIInterfaceOrientationLandscapeLeft UIInterfaceOrientationLandscapeRight";
				LD_RUNPATH_SEARCH_PATHS = (
					"$(inherited)",
					"@executable_path/Frameworks",
				);
				MARKETING_VERSION = 1.0;
				PRODUCT_BUNDLE_IDENTIFIER = "yeah.GO-SOPT-Seminar-Assignment";
				PRODUCT_NAME = "$(TARGET_NAME)";
				SWIFT_EMIT_LOC_STRINGS = YES;
				SWIFT_VERSION = 5.0;
				TARGETED_DEVICE_FAMILY = "1,2";
			};
			name = Release;
		};
/* End XCBuildConfiguration section */

/* Begin XCConfigurationList section */
		6B5944F429F5BE000087A4C3 /* Build configuration list for PBXProject "GO_SOPT_Seminar_Assignment" */ = {
			isa = XCConfigurationList;
			buildConfigurations = (
				6B59450B29F5BE010087A4C3 /* Debug */,
				6B59450C29F5BE010087A4C3 /* Release */,
			);
			defaultConfigurationIsVisible = 0;
			defaultConfigurationName = Release;
		};
		6B59450D29F5BE010087A4C3 /* Build configuration list for PBXNativeTarget "GO_SOPT_Seminar_Assignment" */ = {
			isa = XCConfigurationList;
			buildConfigurations = (
				6B59450E29F5BE010087A4C3 /* Debug */,
				6B59450F29F5BE010087A4C3 /* Release */,
			);
			defaultConfigurationIsVisible = 0;
			defaultConfigurationName = Release;
		};
/* End XCConfigurationList section */

/* Begin XCRemoteSwiftPackageReference section */
		6B59453329F5C48E0087A4C3 /* XCRemoteSwiftPackageReference "SnapKit" */ = {
			isa = XCRemoteSwiftPackageReference;
			repositoryURL = "https://github.com/SnapKit/SnapKit.git";
			requirement = {
				kind = upToNextMajorVersion;
				minimumVersion = 5.0.0;
			};
		};
		6B59453629F5C4AA0087A4C3 /* XCRemoteSwiftPackageReference "Then" */ = {
			isa = XCRemoteSwiftPackageReference;
			repositoryURL = "https://github.com/devxoul/Then.git";
			requirement = {
				kind = upToNextMajorVersion;
				minimumVersion = 3.0.0;
			};
		};
/* End XCRemoteSwiftPackageReference section */

/* Begin XCSwiftPackageProductDependency section */
		6B59453429F5C48E0087A4C3 /* SnapKit */ = {
			isa = XCSwiftPackageProductDependency;
			package = 6B59453329F5C48E0087A4C3 /* XCRemoteSwiftPackageReference "SnapKit" */;
			productName = SnapKit;
		};
		6B59453729F5C4AA0087A4C3 /* Then */ = {
			isa = XCSwiftPackageProductDependency;
			package = 6B59453629F5C4AA0087A4C3 /* XCRemoteSwiftPackageReference "Then" */;
			productName = Then;
		};
/* End XCSwiftPackageProductDependency section */
	};
	rootObject = 6B5944F129F5BE000087A4C3 /* Project object */;
}
